<?xml version="1.0" encoding="utf-8"?>
<Project ToolsVersion="4.0" xmlns="http://schemas.microsoft.com/developer/msbuild/2003">
  <ItemGroup>
    <Filter Include="Engine">
      <UniqueIdentifier>{DBC7D3B0-C769-FE86-B024-12DB9C6585D7}</UniqueIdentifier>
    </Filter>
    <Filter Include="Engine\Asset">
      <UniqueIdentifier>{AAB4DA94-9617-6A39-3F9D-A2EF2BDF35BC}</UniqueIdentifier>
    </Filter>
    <Filter Include="Engine\Asset\Assets">
      <UniqueIdentifier>{4CD8F14A-B839-CF58-41A7-150BAD070618}</UniqueIdentifier>
    </Filter>
    <Filter Include="Engine\Asset\Assets\AudioClip">
      <UniqueIdentifier>{95E4F196-01FD-D8C0-CAA9-685A36816D5A}</UniqueIdentifier>
    </Filter>
    <Filter Include="Engine\Asset\Assets\Material">
      <UniqueIdentifier>{6A1C19FB-56D7-08A7-FF8E-81F1EB285337}</UniqueIdentifier>
    </Filter>
    <Filter Include="Engine\Asset\Assets\Mesh">
      <UniqueIdentifier>{885D9F58-7482-EED8-9DCD-D3688951EDF6}</UniqueIdentifier>
    </Filter>
    <Filter Include="Engine\Asset\Assets\Shader">
      <UniqueIdentifier>{723A180C-5E4A-C4DC-C703-29FBB332B375}</UniqueIdentifier>
    </Filter>
    <Filter Include="Engine\Asset\Assets\Texture">
      <UniqueIdentifier>{AC89C3D6-1897-F1BC-A17D-EDA70D8ABD73}</UniqueIdentifier>
    </Filter>
    <Filter Include="Engine\Asset\Collection">
      <UniqueIdentifier>{85D3CD5C-F10A-16F4-FA14-7A1766CB3CED}</UniqueIdentifier>
    </Filter>
    <Filter Include="Engine\Asset\Collection\Container">
      <UniqueIdentifier>{9785DC07-03F4-3187-4CDD-EC86B88A2723}</UniqueIdentifier>
    </Filter>
    <Filter Include="Engine\Asset\Guid">
      <UniqueIdentifier>{229DB31D-8EB3-B1B3-D72A-3DD54380823B}</UniqueIdentifier>
    </Filter>
    <Filter Include="Engine\Asset\Meta">
      <UniqueIdentifier>{C0A4B61D-2CBB-B4B3-7532-40D5E187853B}</UniqueIdentifier>
    </Filter>
    <Filter Include="Engine\Core">
      <UniqueIdentifier>{130D9B61-7FC2-1357-08B7-0D2E746B0A5B}</UniqueIdentifier>
    </Filter>
    <Filter Include="Engine\Core\Config">
      <UniqueIdentifier>{B8B43ECC-A498-FF21-0DF9-F974F9FBE9A3}</UniqueIdentifier>
    </Filter>
    <Filter Include="Engine\Core\DirectX12">
      <UniqueIdentifier>{9862B8CA-04CF-73C5-CDC2-0B2339EE952D}</UniqueIdentifier>
    </Filter>
    <Filter Include="Engine\Core\DirectX12\ComPtr">
      <UniqueIdentifier>{1C1A9DCC-08D5-8C78-B18C-05C39D26D708}</UniqueIdentifier>
    </Filter>
    <Filter Include="Engine\Core\DirectX12\Command">
      <UniqueIdentifier>{A6F34F60-120C-378A-DBB8-C6234790CB23}</UniqueIdentifier>
    </Filter>
    <Filter Include="Engine\Core\DirectX12\Debug">
      <UniqueIdentifier>{0EFF37E7-7A0C-66CD-03F3-61B86FFF3184}</UniqueIdentifier>
    </Filter>
    <Filter Include="Engine\Core\DirectX12\DepthStencil">
      <UniqueIdentifier>{2EE26FFD-1A1E-7367-8330-8B5E6F8B1B82}</UniqueIdentifier>
    </Filter>
    <Filter Include="Engine\Core\DirectX12\DescriptorHeap">
      <UniqueIdentifier>{8440B3D0-7027-75C8-1978-DBE5053EEE2E}</UniqueIdentifier>
    </Filter>
    <Filter Include="Engine\Core\DirectX12\Device">
      <UniqueIdentifier>{37A542CE-2360-327A-CC17-ABC4B8B17C0A}</UniqueIdentifier>
    </Filter>
    <Filter Include="Engine\Core\DirectX12\GPUTimeStamp">
      <UniqueIdentifier>{A7D56F3C-9311-73A6-FC23-8B9DE87E1BC1}</UniqueIdentifier>
    </Filter>
    <Filter Include="Engine\Core\DirectX12\Manager">
      <UniqueIdentifier>{C2B67941-2ECF-606B-F77B-F0046353F504}</UniqueIdentifier>
    </Filter>
    <Filter Include="Engine\Core\DirectX12\Resource">
      <UniqueIdentifier>{AFAF914E-9BD5-5BB5-841B-E18070E08081}</UniqueIdentifier>
    </Filter>
    <Filter Include="Engine\Core\DirectX12\SwapChain">
      <UniqueIdentifier>{E5A413C7-5188-2207-5A8B-5043C6EDE857}</UniqueIdentifier>
    </Filter>
    <Filter Include="Engine\Core\Event">
      <UniqueIdentifier>{A4D048C8-10E7-465E-595E-D27FC5B317E6}</UniqueIdentifier>
    </Filter>
    <Filter Include="Engine\Core\GameFramework">
      <UniqueIdentifier>{8AD18D64-F693-C1EE-3F44-507BAB459ACC}</UniqueIdentifier>
    </Filter>
    <Filter Include="Engine\Core\Threading">
      <UniqueIdentifier>{18F71026-8463-CC20-4D57-647EB982EE88}</UniqueIdentifier>
    </Filter>
    <Filter Include="Engine\Core\Utility">
      <UniqueIdentifier>{562E00C9-C28F-DDD6-4BFD-2389B75D1496}</UniqueIdentifier>
    </Filter>
    <Filter Include="Engine\Core\Utility\FileSystem">
      <UniqueIdentifier>{AAAE6688-96D4-30EF-7F1A-B6BA6BDF55BB}</UniqueIdentifier>
    </Filter>
    <Filter Include="Engine\Core\Utility\Input">
      <UniqueIdentifier>{D5C604CF-4189-3859-8A39-C7E5F63A1137}</UniqueIdentifier>
    </Filter>
    <Filter Include="Engine\Core\Utility\Math">
      <UniqueIdentifier>{EFF86682-DB1D-B602-0469-9B92F0ECB420}</UniqueIdentifier>
    </Filter>
    <Filter Include="Engine\Core\Utility\Time">
      <UniqueIdentifier>{B4F06A82-A015-BA02-C960-9F92B5E4B820}</UniqueIdentifier>
    </Filter>
    <Filter Include="Engine\Core\Utility\Tools">
      <UniqueIdentifier>{565BCCCF-C21D-005A-0BCE-8EE677CFD837}</UniqueIdentifier>
    </Filter>
    <Filter Include="Engine\Core\Window">
      <UniqueIdentifier>{9A4679FA-862A-3A50-EF8A-34A3DB8D24D2}</UniqueIdentifier>
    </Filter>
    <Filter Include="Engine\ECS">
      <UniqueIdentifier>{A531F502-91E9-3650-FAF0-0FACE6C7D140}</UniqueIdentifier>
    </Filter>
    <Filter Include="Engine\ECS\Component">
      <UniqueIdentifier>{471C992B-33AB-22F5-DCC9-36F0C837339B}</UniqueIdentifier>
    </Filter>
    <Filter Include="Engine\ECS\Component\Array">
      <UniqueIdentifier>{F518E0E4-E128-8CB5-4AE2-F0D336117B4E}</UniqueIdentifier>
    </Filter>
    <Filter Include="Engine\ECS\Component\Collection">
      <UniqueIdentifier>{021F9E70-6E02-ADB0-7705-DBECE3677301}</UniqueIdentifier>
    </Filter>
    <Filter Include="Engine\ECS\Component\Components">
      <UniqueIdentifier>{FC66DBA8-684A-EAE8-714D-1825DDAFB039}</UniqueIdentifier>
    </Filter>
    <Filter Include="Engine\ECS\Component\Components\ComputeComponents">
      <UniqueIdentifier>{2E1F6B12-9AE5-C72E-E340-56914F463693}</UniqueIdentifier>
    </Filter>
    <Filter Include="Engine\ECS\Component\Components\ComputeComponents\Agent">
      <UniqueIdentifier>{4C2F728B-B816-5D81-C104-5FFD2D6B0044}</UniqueIdentifier>
    </Filter>
    <Filter Include="Engine\ECS\Component\Components\ComputeComponents\Audio">
      <UniqueIdentifier>{AFD7798B-1BBF-6481-24AD-66FD90130844}</UniqueIdentifier>
    </Filter>
    <Filter Include="Engine\ECS\Component\Components\ComputeComponents\Camera">
      <UniqueIdentifier>{E613FAFD-D2E8-41B1-FB97-81ADE7CB4FC8}</UniqueIdentifier>
    </Filter>
    <Filter Include="Engine\ECS\Component\Components\ComputeComponents\Collision">
      <UniqueIdentifier>{C9A5FFAC-3563-A8E3-BE2D-944B2AEA1A38}</UniqueIdentifier>
    </Filter>
    <Filter Include="Engine\ECS\Component\Components\ComputeComponents\Collision\CollisionCheck">
      <UniqueIdentifier>{A28C78D7-8EA4-838C-F773-6351E3AA66BF}</UniqueIdentifier>
    </Filter>
    <Filter Include="Engine\ECS\Component\Components\ComputeComponents\Effect">
      <UniqueIdentifier>{2A07FB02-16DC-42B6-3F8B-82B22BBF50CD}</UniqueIdentifier>
    </Filter>
    <Filter Include="Engine\ECS\Component\Components\ComputeComponents\Effect\EmitShape">
      <UniqueIdentifier>{993ABA05-8526-5275-EE9C-11C8DAA7F2A5}</UniqueIdentifier>
    </Filter>
    <Filter Include="Engine\ECS\Component\Components\ComputeComponents\Effect\MainModule">
      <UniqueIdentifier>{A4D1248C-103B-BAEE-997E-689905E76A33}</UniqueIdentifier>
    </Filter>
    <Filter Include="Engine\ECS\Component\Components\ComputeComponents\Light">
      <UniqueIdentifier>{555D3A8C-C144-2582-CA32-27FE3699C844}</UniqueIdentifier>
    </Filter>
    <Filter Include="Engine\ECS\Component\Components\ComputeComponents\Script">
      <UniqueIdentifier>{B29D7323-9E72-BBD6-C721-FBD2B355C9ED}</UniqueIdentifier>
    </Filter>
    <Filter Include="Engine\ECS\Component\Components\ComputeComponents\ShadowCaster">
      <UniqueIdentifier>{2524B458-11FA-3A56-FAA3-55A9E6186EF7}</UniqueIdentifier>
    </Filter>
    <Filter Include="Engine\ECS\Component\Components\ComputeComponents\Terrain">
      <UniqueIdentifier>{929090E3-FE02-D3FF-4797-0884B3489DF8}</UniqueIdentifier>
    </Filter>
    <Filter Include="Engine\ECS\Component\Components\ComputeComponents\Terrain\Grass">
      <UniqueIdentifier>{81A65A6B-ED39-BC19-F620-2CD0623353E1}</UniqueIdentifier>
    </Filter>
    <Filter Include="Engine\ECS\Component\Components\ComputeComponents\Terrain\River">
      <UniqueIdentifier>{291C1D6C-95AF-7E1A-9E96-EED00AA915E2}</UniqueIdentifier>
    </Filter>
    <Filter Include="Engine\ECS\Component\Components\ComputeComponents\Transform">
      <UniqueIdentifier>{7948A0E4-E505-491B-6ED0-3483DA8CBB6F}</UniqueIdentifier>
    </Filter>
    <Filter Include="Engine\ECS\Component\Components\ComputeComponents\Variables">
      <UniqueIdentifier>{364CE62C-A209-8F63-2BD4-7ACB979001B8}</UniqueIdentifier>
    </Filter>
    <Filter Include="Engine\ECS\Component\Components\ComputeComponents\VoxelTerrain">
      <UniqueIdentifier>{40080D68-2CDE-9365-1588-AEB801FDC606}</UniqueIdentifier>
    </Filter>
    <Filter Include="Engine\ECS\Component\Components\Interface">
      <UniqueIdentifier>{DCB9103D-48D4-73DE-91F6-8372FD4F9BE5}</UniqueIdentifier>
    </Filter>
    <Filter Include="Engine\ECS\Component\Components\RendererComponents">
      <UniqueIdentifier>{C87607E7-B40A-FD8E-1DCF-564309823781}</UniqueIdentifier>
    </Filter>
    <Filter Include="Engine\ECS\Component\Components\RendererComponents\Mesh">
      <UniqueIdentifier>{8469277A-F050-1270-F93E-14EC65A5B532}</UniqueIdentifier>
    </Filter>
    <Filter Include="Engine\ECS\Component\Components\RendererComponents\Primitive">
      <UniqueIdentifier>{3001787A-1C6C-3886-C587-9DEBB1D1FB68}</UniqueIdentifier>
    </Filter>
    <Filter Include="Engine\ECS\Component\Components\RendererComponents\ScreenPostEffectTag">
      <UniqueIdentifier>{E65E7274-D260-B684-BBE3-AC7DA784B129}</UniqueIdentifier>
    </Filter>
    <Filter Include="Engine\ECS\Component\Components\RendererComponents\SkinMesh">
      <UniqueIdentifier>{19E8B5EB-85A5-5E22-0E70-4A8A7A2CD176}</UniqueIdentifier>
    </Filter>
    <Filter Include="Engine\ECS\Component\Components\RendererComponents\Skybox">
      <UniqueIdentifier>{D7A016B0-4313-59CC-8CA7-8E50F85823C5}</UniqueIdentifier>
    </Filter>
    <Filter Include="Engine\ECS\Component\Components\RendererComponents\Sprite">
      <UniqueIdentifier>{0E636DB0-7AD5-AFCC-C369-E5502F1B7AC5}</UniqueIdentifier>
    </Filter>
    <Filter Include="Engine\ECS\Entity">
      <UniqueIdentifier>{51526F28-BD68-6DBE-06E0-F8DF72353E46}</UniqueIdentifier>
    </Filter>
    <Filter Include="Engine\ECS\Entity\Collection">
      <UniqueIdentifier>{CC3AE83A-B8F5-D7E6-61AD-50314D472277}</UniqueIdentifier>
    </Filter>
    <Filter Include="Engine\ECS\Entity\GameEntity">
      <UniqueIdentifier>{F776D073-E331-C01F-8CE9-386A78830AB0}</UniqueIdentifier>
    </Filter>
    <Filter Include="Engine\ECS\Entity\Prefab">
      <UniqueIdentifier>{70516931-5C76-B8B1-85C1-9D417145B7CF}</UniqueIdentifier>
    </Filter>
    <Filter Include="Engine\ECS\EntityComponentSystem">
      <UniqueIdentifier>{69FFE9CE-5550-D510-7EB4-C3D26A64687A}</UniqueIdentifier>
    </Filter>
    <Filter Include="Engine\ECS\System">
      <UniqueIdentifier>{1939DE49-854F-DCDF-CEC6-67013A1CAD67}</UniqueIdentifier>
    </Filter>
    <Filter Include="Engine\ECS\System\AI">
      <UniqueIdentifier>{121F6E84-FEAD-F74D-A7CC-0B49933A08F4}</UniqueIdentifier>
    </Filter>
    <Filter Include="Engine\ECS\System\Audio">
      <UniqueIdentifier>{DA75D166-46AD-19FE-4FB7-7D21BB6D40F7}</UniqueIdentifier>
    </Filter>
    <Filter Include="Engine\ECS\System\CameraUpdate">
      <UniqueIdentifier>{F43F21BF-E065-EB25-C9AB-70F1B57010F2}</UniqueIdentifier>
    </Filter>
    <Filter Include="Engine\ECS\System\Collision">
      <UniqueIdentifier>{7461008A-E06E-2E70-6955-2A5BD561FA26}</UniqueIdentifier>
    </Filter>
    <Filter Include="Engine\ECS\System\EffectUpdateSystem">
      <UniqueIdentifier>{DD2B0562-C912-C759-7263-2D775E2940C0}</UniqueIdentifier>
    </Filter>
    <Filter Include="Engine\ECS\System\GrassBufferCreateSystem">
      <UniqueIdentifier>{3B70A937-A78A-0CD9-F0AC-1C6D5C0634E0}</UniqueIdentifier>
    </Filter>
    <Filter Include="Engine\ECS\System\Interface">
      <UniqueIdentifier>{3994C2B0-A5A1-F096-2E88-EC819A94BC4D}</UniqueIdentifier>
    </Filter>
    <Filter Include="Engine\ECS\System\MeshBufferRecreate">
      <UniqueIdentifier>{DAF96203-C6E0-24FB-6F31-8B185BF79D61}</UniqueIdentifier>
    </Filter>
    <Filter Include="Engine\ECS\System\Movement">
      <UniqueIdentifier>{738ABEF0-5F9A-6AC1-C853-CFDFB482595A}</UniqueIdentifier>
    </Filter>
    <Filter Include="Engine\ECS\System\ScriptUpdateSystem">
      <UniqueIdentifier>{65CE8BD0-51B5-4DC8-FA05-B4E5E6CBC62E}</UniqueIdentifier>
    </Filter>
    <Filter Include="Engine\ECS\System\ShadowCaster">
      <UniqueIdentifier>{F0C39C7C-DCE9-66E3-C52F-ECAEB1F48BAF}</UniqueIdentifier>
    </Filter>
    <Filter Include="Engine\ECS\System\SkinMesh">
      <UniqueIdentifier>{8AD59E28-76E5-4AF9-DF9E-AF17CBCD3992}</UniqueIdentifier>
    </Filter>
    <Filter Include="Engine\ECS\System\SystemCollection">
      <UniqueIdentifier>{79E0B09D-651C-B407-CE2E-CCFEBA895C22}</UniqueIdentifier>
    </Filter>
    <Filter Include="Engine\ECS\System\Terrain">
      <UniqueIdentifier>{7D6548F3-E927-7C7D-32D8-0A0A9ED9545B}</UniqueIdentifier>
    </Filter>
    <Filter Include="Engine\ECS\System\Transform">
      <UniqueIdentifier>{2404A1C1-9011-CFA7-19F8-CA9285049B5E}</UniqueIdentifier>
    </Filter>
    <Filter Include="Engine\Editor">
      <UniqueIdentifier>{B1407138-1D01-ED6E-E63B-36EC52BB314B}</UniqueIdentifier>
    </Filter>
    <Filter Include="Engine\Editor\Clipboard">
      <UniqueIdentifier>{F0357321-5C6D-BBB8-6577-1FDCD12DE2B1}</UniqueIdentifier>
    </Filter>
    <Filter Include="Engine\Editor\Commands">
      <UniqueIdentifier>{1233E955-FE2C-12A8-E799-A8B8D3327814}</UniqueIdentifier>
    </Filter>
    <Filter Include="Engine\Editor\Commands\ComponentEditCommands">
      <UniqueIdentifier>{8CA7564E-78BA-56A7-21A4-33940D96F3F4}</UniqueIdentifier>
    </Filter>
    <Filter Include="Engine\Editor\Commands\ImGuiCommand">
      <UniqueIdentifier>{FB4504A2-67FF-6E4C-F05E-89265C1725BC}</UniqueIdentifier>
    </Filter>
    <Filter Include="Engine\Editor\Commands\WorldEditorCommands">
      <UniqueIdentifier>{E2A7C198-CE0F-8866-377B-9C7C23029F52}</UniqueIdentifier>
    </Filter>
    <Filter Include="Engine\Editor\EditorCompute">
      <UniqueIdentifier>{A405F13D-1013-1F24-99F9-1A0F0506EBDA}</UniqueIdentifier>
    </Filter>
    <Filter Include="Engine\Editor\EditorCompute\GameEntityPicking">
      <UniqueIdentifier>{2F4FE047-9BBF-E2C0-64DE-5C49D00D1BC2}</UniqueIdentifier>
    </Filter>
    <Filter Include="Engine\Editor\EditorCompute\Grass">
      <UniqueIdentifier>{132117D5-7F8F-6C54-C878-2754342662F0}</UniqueIdentifier>
    </Filter>
    <Filter Include="Engine\Editor\EditorCompute\Interface">
      <UniqueIdentifier>{84CA1AAD-F08E-199D-B9F4-49672578B5D2}</UniqueIdentifier>
    </Filter>
    <Filter Include="Engine\Editor\EditorCompute\River">
      <UniqueIdentifier>{BB96D9D5-2705-2F55-70EE-E954DC9B24F1}</UniqueIdentifier>
    </Filter>
    <Filter Include="Engine\Editor\EditorCompute\TerrainEditor">
      <UniqueIdentifier>{CF488180-3B63-E421-8485-F4B5F0DE0B29}</UniqueIdentifier>
    </Filter>
    <Filter Include="Engine\Editor\EditorCompute\VoxelTerrainEditor">
      <UniqueIdentifier>{BDD4A2E7-A952-F380-924A-B1187E6735A9}</UniqueIdentifier>
    </Filter>
    <Filter Include="Engine\Editor\Manager">
      <UniqueIdentifier>{DB9D5731-470A-132C-10FE-AA897C293594}</UniqueIdentifier>
    </Filter>
    <Filter Include="Engine\Editor\Math">
      <UniqueIdentifier>{2ABC9811-16A0-5967-7F00-54BA6B0344E9}</UniqueIdentifier>
    </Filter>
    <Filter Include="Engine\Editor\Math\Combo">
      <UniqueIdentifier>{C94DE1BB-B572-303C-DEBD-15CCCA412F5A}</UniqueIdentifier>
    </Filter>
    <Filter Include="Engine\Editor\Math\DragDrop">
      <UniqueIdentifier>{ACE25F1E-18F0-8D04-A1D6-89EF0DE359BB}</UniqueIdentifier>
    </Filter>
    <Filter Include="Engine\Editor\Math\FileWatcher">
      <UniqueIdentifier>{E765BA90-D38B-84F7-BCD1-09C3A896A9C3}</UniqueIdentifier>
    </Filter>
    <Filter Include="Engine\Editor\Math\MetaData">
      <UniqueIdentifier>{FA71E0AF-667F-0E96-EF65-0A815B72DA4C}</UniqueIdentifier>
    </Filter>
    <Filter Include="Engine\Editor\Math\Pivot">
      <UniqueIdentifier>{0B6AC9BC-F78E-183D-20DA-FDCC0C5E175B}</UniqueIdentifier>
    </Filter>
    <Filter Include="Engine\Editor\Math\Preview">
      <UniqueIdentifier>{3B9B9A28-27AB-46F9-9064-AB177C933592}</UniqueIdentifier>
    </Filter>
    <Filter Include="Engine\Editor\Math\Widget">
      <UniqueIdentifier>{7DC54066-E987-74F0-3238-037D9E394DCE}</UniqueIdentifier>
    </Filter>
    <Filter Include="Engine\Editor\Views">
      <UniqueIdentifier>{8E435745-FAA4-3453-8312-7B05EF726B12}</UniqueIdentifier>
    </Filter>
    <Filter Include="Engine\Editor\Views\Tabs">
      <UniqueIdentifier>{87E517CC-730A-674C-9C55-4CDC88D9656A}</UniqueIdentifier>
    </Filter>
    <Filter Include="Engine\Editor\Views\Windows">
      <UniqueIdentifier>{C89BFE60-34A9-2C47-BD8F-2832299CF8FD}</UniqueIdentifier>
    </Filter>
    <Filter Include="Engine\Editor\Views\Windows\Develop">
      <UniqueIdentifier>{C6AB599F-3265-C449-BBC4-DE23277D7AB9}</UniqueIdentifier>
    </Filter>
    <Filter Include="Engine\Editor\Views\Windows\Editor">
      <UniqueIdentifier>{FEC7C2D0-EA03-C63A-5316-DE313F716E55}</UniqueIdentifier>
    </Filter>
    <Filter Include="Engine\Editor\Views\Windows\Prefab">
      <UniqueIdentifier>{076F66EB-F3AA-6955-5CBD-814C48181270}</UniqueIdentifier>
    </Filter>
    <Filter Include="Engine\Graphics">
      <UniqueIdentifier>{7B960115-E721-6FD9-F032-F2CD5C3DCBD9}</UniqueIdentifier>
    </Filter>
    <Filter Include="Engine\Graphics\Buffer">
      <UniqueIdentifier>{04A0A224-F099-CB76-D906-6287C59F31E3}</UniqueIdentifier>
    </Filter>
    <Filter Include="Engine\Graphics\Buffer\Data">
      <UniqueIdentifier>{EDB714A0-59C5-4286-E2AB-3E714EB80E3D}</UniqueIdentifier>
    </Filter>
    <Filter Include="Engine\Graphics\Framework">
      <UniqueIdentifier>{B8A8C26D-246B-F6F7-6D1B-8584D91CCFD5}</UniqueIdentifier>
    </Filter>
    <Filter Include="Engine\Graphics\Pipelines">
      <UniqueIdentifier>{73D9C51C-DF9B-F9A6-284C-8833944DD284}</UniqueIdentifier>
    </Filter>
    <Filter Include="Engine\Graphics\Pipelines\Collection">
      <UniqueIdentifier>{AEC80EE4-9AAF-D0DB-4300-37F92FC64942}</UniqueIdentifier>
    </Filter>
    <Filter Include="Engine\Graphics\Pipelines\Interface">
      <UniqueIdentifier>{13ED4964-7FA6-B40E-0806-CFE874BE6A7E}</UniqueIdentifier>
    </Filter>
    <Filter Include="Engine\Graphics\Pipelines\PostProcess">
      <UniqueIdentifier>{27482B8F-930C-2A7F-5C72-5A49C8F5C5B4}</UniqueIdentifier>
    </Filter>
    <Filter Include="Engine\Graphics\Pipelines\PostProcess\PerObject">
      <UniqueIdentifier>{14ABB186-80E6-114A-89DB-8ED9F595967A}</UniqueIdentifier>
    </Filter>
    <Filter Include="Engine\Graphics\Pipelines\PostProcess\PerObject\Blur">
      <UniqueIdentifier>{38439471-2482-3EED-CD04-1B1FB922F457}</UniqueIdentifier>
    </Filter>
    <Filter Include="Engine\Graphics\Pipelines\PostProcess\PerObject\Grayscale">
      <UniqueIdentifier>{3E8C703F-AAFE-B25B-F392-E8DF5F447D54}</UniqueIdentifier>
    </Filter>
    <Filter Include="Engine\Graphics\Pipelines\PostProcess\PerObject\Light">
      <UniqueIdentifier>{BBBDCFA4-27DA-C195-F0B1-2E035C8D2B57}</UniqueIdentifier>
    </Filter>
    <Filter Include="Engine\Graphics\Pipelines\PostProcess\PerObject\TerrainBrush">
      <UniqueIdentifier>{DCC2EAAE-C82D-ABBA-7149-10205D936E9D}</UniqueIdentifier>
    </Filter>
    <Filter Include="Engine\Graphics\Pipelines\PostProcess\PerObject\VoxelTerrainBrush">
      <UniqueIdentifier>{0A2F2A9F-764D-3E6C-BF1A-447E2B787975}</UniqueIdentifier>
    </Filter>
    <Filter Include="Engine\Graphics\Pipelines\PostProcess\Screen">
      <UniqueIdentifier>{16C27EDD-02D5-7E36-ABBE-5B2397B01B84}</UniqueIdentifier>
    </Filter>
    <Filter Include="Engine\Graphics\Pipelines\PostProcess\Screen\Fog">
      <UniqueIdentifier>{61DBB824-4D84-2054-761A-3CD362223B95}</UniqueIdentifier>
    </Filter>
    <Filter Include="Engine\Graphics\Pipelines\PostProcess\Screen\Grayscale">
      <UniqueIdentifier>{C0CD7F99-AC77-B5A8-9548-BDC381915597}</UniqueIdentifier>
    </Filter>
    <Filter Include="Engine\Graphics\Pipelines\PostProcess\Screen\RadialBlur">
      <UniqueIdentifier>{A7F76005-13DF-4BFB-1CCD-4D778833EFBD}</UniqueIdentifier>
    </Filter>
    <Filter Include="Engine\Graphics\Pipelines\PostProcess\Screen\Shadow">
      <UniqueIdentifier>{4BFED61F-B70F-7FC6-4061-1106AC710800}</UniqueIdentifier>
    </Filter>
    <Filter Include="Engine\Graphics\Pipelines\Render">
      <UniqueIdentifier>{8238C444-6E89-AF86-97ED-9D48839D42F0}</UniqueIdentifier>
    </Filter>
    <Filter Include="Engine\Graphics\Pipelines\Render\CopyImage">
      <UniqueIdentifier>{CFFDAC82-BB65-7350-24D1-876610588A3C}</UniqueIdentifier>
    </Filter>
    <Filter Include="Engine\Graphics\Pipelines\Render\Effect">
      <UniqueIdentifier>{FED997EA-6A69-59D5-7365-3AEDDF7394E1}</UniqueIdentifier>
    </Filter>
    <Filter Include="Engine\Graphics\Pipelines\Render\Gizmo">
      <UniqueIdentifier>{97FC030F-834E-DBFE-6C6D-180F585EF4E7}</UniqueIdentifier>
    </Filter>
    <Filter Include="Engine\Graphics\Pipelines\Render\Grass">
      <UniqueIdentifier>{7182080F-5DD4-DFFE-46F3-1C0F32E4F8E7}</UniqueIdentifier>
    </Filter>
    <Filter Include="Engine\Graphics\Pipelines\Render\Grid">
      <UniqueIdentifier>{373BE1B2-A3FF-DFA2-6C65-106DD8E87BD8}</UniqueIdentifier>
    </Filter>
    <Filter Include="Engine\Graphics\Pipelines\Render\Mesh">
      <UniqueIdentifier>{7E4FE4B2-EA13-E3A2-B379-136D1FFD7ED8}</UniqueIdentifier>
    </Filter>
    <Filter Include="Engine\Graphics\Pipelines\Render\Primitive">
      <UniqueIdentifier>{6AB335FD-561B-FCCA-BF86-10E1AB0D13B7}</UniqueIdentifier>
    </Filter>
    <Filter Include="Engine\Graphics\Pipelines\Render\River">
      <UniqueIdentifier>{19F8CA0F-054A-A2FF-EE68-DF0FDA59BBE8}</UniqueIdentifier>
    </Filter>
    <Filter Include="Engine\Graphics\Pipelines\Render\Skybox">
      <UniqueIdentifier>{51EDA40B-BD7C-66F6-C678-470E3287A102}</UniqueIdentifier>
    </Filter>
    <Filter Include="Engine\Graphics\Pipelines\Render\Sprite">
      <UniqueIdentifier>{88AFFB0B-F43E-BDF6-FD3A-9E0E6949F802}</UniqueIdentifier>
    </Filter>
    <Filter Include="Engine\Graphics\Pipelines\Render\Terrain">
      <UniqueIdentifier>{E6BDC7BE-D23A-BB01-FBB7-BB15E7935795}</UniqueIdentifier>
    </Filter>
    <Filter Include="Engine\Graphics\Pipelines\Render\VoxelTerrain">
      <UniqueIdentifier>{14AAB999-801A-BC12-4939-369BB568F413}</UniqueIdentifier>
    </Filter>
    <Filter Include="Engine\Graphics\RenderTexture">
      <UniqueIdentifier>{5B4D7370-C765-5A9A-9012-EA33FCE9EE33}</UniqueIdentifier>
    </Filter>
    <Filter Include="Engine\Graphics\Shader">
      <UniqueIdentifier>{C14D5C4B-AD47-859D-96B4-1BAE824DEB09}</UniqueIdentifier>
    </Filter>
    <Filter Include="Engine\Scene">
      <UniqueIdentifier>{386D1796-24D0-A63A-CD55-DFF0B99772BD}</UniqueIdentifier>
    </Filter>
    <Filter Include="Engine\Scene\Loader">
      <UniqueIdentifier>{FE1C8A87-6A7E-6795-F3EB-AD475F4C9E54}</UniqueIdentifier>
    </Filter>
    <Filter Include="Engine\Script">
      <UniqueIdentifier>{BF210C59-2BE2-878F-F41C-D10C609CCC6B}</UniqueIdentifier>
    </Filter>
    <Filter Include="Engine\Script\InternalCalls">
      <UniqueIdentifier>{FAF98566-6607-B44C-EFED-AF375BFA7F03}</UniqueIdentifier>
    </Filter>
  </ItemGroup>
  <ItemGroup>
    <ClInclude Include="Engine\Asset\AssetType.h">
      <Filter>Engine\Asset</Filter>
    </ClInclude>
    <ClInclude Include="Engine\Asset\Assets\AudioClip\AudioClip.h">
      <Filter>Engine\Asset\Assets\AudioClip</Filter>
    </ClInclude>
    <ClInclude Include="Engine\Asset\Assets\AudioClip\AudioClipLoader.h">
      <Filter>Engine\Asset\Assets\AudioClip</Filter>
    </ClInclude>
    <ClInclude Include="Engine\Asset\Assets\IAsset.h">
      <Filter>Engine\Asset\Assets</Filter>
    </ClInclude>
    <ClInclude Include="Engine\Asset\Assets\IAssetLoader.h">
      <Filter>Engine\Asset\Assets</Filter>
    </ClInclude>
    <ClInclude Include="Engine\Asset\Assets\Material\Material.h">
      <Filter>Engine\Asset\Assets\Material</Filter>
    </ClInclude>
    <ClInclude Include="Engine\Asset\Assets\Material\MaterialLoader.h">
      <Filter>Engine\Asset\Assets\Material</Filter>
    </ClInclude>
    <ClInclude Include="Engine\Asset\Assets\Mesh\Mesh.h">
      <Filter>Engine\Asset\Assets\Mesh</Filter>
    </ClInclude>
    <ClInclude Include="Engine\Asset\Assets\Mesh\Model.h">
      <Filter>Engine\Asset\Assets\Mesh</Filter>
    </ClInclude>
    <ClInclude Include="Engine\Asset\Assets\Mesh\ModelLoader.h">
      <Filter>Engine\Asset\Assets\Mesh</Filter>
    </ClInclude>
    <ClInclude Include="Engine\Asset\Assets\Mesh\Skinning.h">
      <Filter>Engine\Asset\Assets\Mesh</Filter>
    </ClInclude>
    <ClInclude Include="Engine\Asset\Assets\Shader\Shader.h">
      <Filter>Engine\Asset\Assets\Shader</Filter>
    </ClInclude>
    <ClInclude Include="Engine\Asset\Assets\Shader\ShaderLoader.h">
      <Filter>Engine\Asset\Assets\Shader</Filter>
    </ClInclude>
    <ClInclude Include="Engine\Asset\Assets\Texture\Texture.h">
      <Filter>Engine\Asset\Assets\Texture</Filter>
    </ClInclude>
    <ClInclude Include="Engine\Asset\Assets\Texture\TextureLoader.h">
      <Filter>Engine\Asset\Assets\Texture</Filter>
    </ClInclude>
    <ClInclude Include="Engine\Asset\Collection\AssetBundle.h">
      <Filter>Engine\Asset\Collection</Filter>
    </ClInclude>
    <ClInclude Include="Engine\Asset\Collection\AssetCollection.h">
      <Filter>Engine\Asset\Collection</Filter>
    </ClInclude>
    <ClInclude Include="Engine\Asset\Collection\Container\AssetContainer.h">
      <Filter>Engine\Asset\Collection\Container</Filter>
    </ClInclude>
    <ClInclude Include="Engine\Asset\Guid\Guid.h">
      <Filter>Engine\Asset\Guid</Filter>
    </ClInclude>
    <ClInclude Include="Engine\Asset\Meta\MetaFile.h">
      <Filter>Engine\Asset\Meta</Filter>
    </ClInclude>
    <ClInclude Include="Engine\Core\Config\EngineConfig.h">
      <Filter>Engine\Core\Config</Filter>
    </ClInclude>
    <ClInclude Include="Engine\Core\DirectX12\ComPtr\ComPtr.h">
      <Filter>Engine\Core\DirectX12\ComPtr</Filter>
    </ClInclude>
    <ClInclude Include="Engine\Core\DirectX12\Command\DxCommand.h">
      <Filter>Engine\Core\DirectX12\Command</Filter>
    </ClInclude>
    <ClInclude Include="Engine\Core\DirectX12\Command\DxUploadCommand.h">
      <Filter>Engine\Core\DirectX12\Command</Filter>
    </ClInclude>
    <ClInclude Include="Engine\Core\DirectX12\Debug\DxDebug.h">
      <Filter>Engine\Core\DirectX12\Debug</Filter>
    </ClInclude>
    <ClInclude Include="Engine\Core\DirectX12\DepthStencil\DxDepthStencil.h">
      <Filter>Engine\Core\DirectX12\DepthStencil</Filter>
    </ClInclude>
    <ClInclude Include="Engine\Core\DirectX12\DescriptorHeap\DescriptorHeapSize.h">
      <Filter>Engine\Core\DirectX12\DescriptorHeap</Filter>
    </ClInclude>
    <ClInclude Include="Engine\Core\DirectX12\DescriptorHeap\DxDSVHeap.h">
      <Filter>Engine\Core\DirectX12\DescriptorHeap</Filter>
    </ClInclude>
    <ClInclude Include="Engine\Core\DirectX12\DescriptorHeap\DxRTVHeap.h">
      <Filter>Engine\Core\DirectX12\DescriptorHeap</Filter>
    </ClInclude>
    <ClInclude Include="Engine\Core\DirectX12\DescriptorHeap\DxSRVHeap.h">
      <Filter>Engine\Core\DirectX12\DescriptorHeap</Filter>
    </ClInclude>
    <ClInclude Include="Engine\Core\DirectX12\DescriptorHeap\IDxDescriptorHeap.h">
      <Filter>Engine\Core\DirectX12\DescriptorHeap</Filter>
    </ClInclude>
    <ClInclude Include="Engine\Core\DirectX12\Device\DxDevice.h">
      <Filter>Engine\Core\DirectX12\Device</Filter>
    </ClInclude>
    <ClInclude Include="Engine\Core\DirectX12\GPUTimeStamp\GPUTimeStamp.h">
      <Filter>Engine\Core\DirectX12\GPUTimeStamp</Filter>
    </ClInclude>
    <ClInclude Include="Engine\Core\DirectX12\GPUTimeStamp\GPUTimeStampID.h">
      <Filter>Engine\Core\DirectX12\GPUTimeStamp</Filter>
    </ClInclude>
    <ClInclude Include="Engine\Core\DirectX12\Manager\DxManager.h">
      <Filter>Engine\Core\DirectX12\Manager</Filter>
    </ClInclude>
    <ClInclude Include="Engine\Core\DirectX12\Resource\DxResource.h">
      <Filter>Engine\Core\DirectX12\Resource</Filter>
    </ClInclude>
    <ClInclude Include="Engine\Core\DirectX12\SwapChain\DxSwapChain.h">
      <Filter>Engine\Core\DirectX12\SwapChain</Filter>
    </ClInclude>
    <ClInclude Include="Engine\Core\Event\Event.h">
      <Filter>Engine\Core\Event</Filter>
    </ClInclude>
    <ClInclude Include="Engine\Core\Event\FrameEventQueue.h">
      <Filter>Engine\Core\Event</Filter>
    </ClInclude>
    <ClInclude Include="Engine\Core\GameFramework\GameFramework.h">
      <Filter>Engine\Core\GameFramework</Filter>
    </ClInclude>
    <ClInclude Include="Engine\Core\GameFramework\GameFrameworkConfig.h">
      <Filter>Engine\Core\GameFramework</Filter>
    </ClInclude>
    <ClInclude Include="Engine\Core\Threading\ConcurrentQueue.h">
      <Filter>Engine\Core\Threading</Filter>
    </ClInclude>
    <ClInclude Include="Engine\Core\Threading\JobHandle.h">
      <Filter>Engine\Core\Threading</Filter>
    </ClInclude>
    <ClInclude Include="Engine\Core\Threading\ThreadPool.h">
      <Filter>Engine\Core\Threading</Filter>
    </ClInclude>
    <ClInclude Include="Engine\Core\Utility\FileSystem\FileSystem.h">
      <Filter>Engine\Core\Utility\FileSystem</Filter>
    </ClInclude>
    <ClInclude Include="Engine\Core\Utility\Input\DInput.h">
      <Filter>Engine\Core\Utility\Input</Filter>
    </ClInclude>
    <ClInclude Include="Engine\Core\Utility\Input\Gamepad.h">
      <Filter>Engine\Core\Utility\Input</Filter>
    </ClInclude>
    <ClInclude Include="Engine\Core\Utility\Input\Input.h">
      <Filter>Engine\Core\Utility\Input</Filter>
    </ClInclude>
    <ClInclude Include="Engine\Core\Utility\Input\InputSystem.h">
      <Filter>Engine\Core\Utility\Input</Filter>
    </ClInclude>
    <ClInclude Include="Engine\Core\Utility\Input\Keyboard.h">
      <Filter>Engine\Core\Utility\Input</Filter>
    </ClInclude>
    <ClInclude Include="Engine\Core\Utility\Input\Mouse.h">
      <Filter>Engine\Core\Utility\Input</Filter>
    </ClInclude>
    <ClInclude Include="Engine\Core\Utility\Math\Color.h">
      <Filter>Engine\Core\Utility\Math</Filter>
    </ClInclude>
    <ClInclude Include="Engine\Core\Utility\Math\Math.h">
      <Filter>Engine\Core\Utility\Math</Filter>
    </ClInclude>
    <ClInclude Include="Engine\Core\Utility\Math\Matrix4x4.h">
      <Filter>Engine\Core\Utility\Math</Filter>
    </ClInclude>
    <ClInclude Include="Engine\Core\Utility\Math\Primitive.h">
      <Filter>Engine\Core\Utility\Math</Filter>
    </ClInclude>
    <ClInclude Include="Engine\Core\Utility\Math\Quaternion.h">
      <Filter>Engine\Core\Utility\Math</Filter>
    </ClInclude>
    <ClInclude Include="Engine\Core\Utility\Math\Vector2.h">
      <Filter>Engine\Core\Utility\Math</Filter>
    </ClInclude>
    <ClInclude Include="Engine\Core\Utility\Math\Vector2T.h">
      <Filter>Engine\Core\Utility\Math</Filter>
    </ClInclude>
    <ClInclude Include="Engine\Core\Utility\Math\Vector3.h">
      <Filter>Engine\Core\Utility\Math</Filter>
    </ClInclude>
    <ClInclude Include="Engine\Core\Utility\Math\Vector3T.h">
      <Filter>Engine\Core\Utility\Math</Filter>
    </ClInclude>
    <ClInclude Include="Engine\Core\Utility\Math\Vector4.h">
      <Filter>Engine\Core\Utility\Math</Filter>
    </ClInclude>
    <ClInclude Include="Engine\Core\Utility\Math\Vector4T.h">
      <Filter>Engine\Core\Utility\Math</Filter>
    </ClInclude>
    <ClInclude Include="Engine\Core\Utility\Time\CPUTimeStamp.h">
      <Filter>Engine\Core\Utility\Time</Filter>
    </ClInclude>
    <ClInclude Include="Engine\Core\Utility\Time\CPUTimeStampID.h">
      <Filter>Engine\Core\Utility\Time</Filter>
    </ClInclude>
    <ClInclude Include="Engine\Core\Utility\Time\Time.h">
      <Filter>Engine\Core\Utility\Time</Filter>
    </ClInclude>
    <ClInclude Include="Engine\Core\Utility\Tools\Assert.h">
      <Filter>Engine\Core\Utility\Tools</Filter>
    </ClInclude>
    <ClInclude Include="Engine\Core\Utility\Tools\Ease.h">
      <Filter>Engine\Core\Utility\Tools</Filter>
    </ClInclude>
    <ClInclude Include="Engine\Core\Utility\Tools\Gizmo.h">
      <Filter>Engine\Core\Utility\Tools</Filter>
    </ClInclude>
    <ClInclude Include="Engine\Core\Utility\Tools\Log.h">
      <Filter>Engine\Core\Utility\Tools</Filter>
    </ClInclude>
    <ClInclude Include="Engine\Core\Utility\Tools\Random.h">
      <Filter>Engine\Core\Utility\Tools</Filter>
    </ClInclude>
    <ClInclude Include="Engine\Core\Utility\Utility.h">
      <Filter>Engine\Core\Utility</Filter>
    </ClInclude>
    <ClInclude Include="Engine\Core\Window\Window.h">
      <Filter>Engine\Core\Window</Filter>
    </ClInclude>
    <ClInclude Include="Engine\Core\Window\WindowManager.h">
      <Filter>Engine\Core\Window</Filter>
    </ClInclude>
    <ClInclude Include="Engine\ECS\Component\Array\ComponentArray.h">
      <Filter>Engine\ECS\Component\Array</Filter>
    </ClInclude>
    <ClInclude Include="Engine\ECS\Component\Collection\ComponentCollection.h">
      <Filter>Engine\ECS\Component\Collection</Filter>
    </ClInclude>
    <ClInclude Include="Engine\ECS\Component\Collection\ComponentHash.h">
      <Filter>Engine\ECS\Component\Collection</Filter>
    </ClInclude>
    <ClInclude Include="Engine\ECS\Component\Components\ComputeComponents\Agent\AgentIntentComponent.h">
      <Filter>Engine\ECS\Component\Components\ComputeComponents\Agent</Filter>
    </ClInclude>
    <ClInclude Include="Engine\ECS\Component\Components\ComputeComponents\Audio\AudioSource.h">
      <Filter>Engine\ECS\Component\Components\ComputeComponents\Audio</Filter>
    </ClInclude>
    <ClInclude Include="Engine\ECS\Component\Components\ComputeComponents\Camera\CameraComponent.h">
      <Filter>Engine\ECS\Component\Components\ComputeComponents\Camera</Filter>
    </ClInclude>
    <ClInclude Include="Engine\ECS\Component\Components\ComputeComponents\Collision\BoxCollider.h">
      <Filter>Engine\ECS\Component\Components\ComputeComponents\Collision</Filter>
    </ClInclude>
    <ClInclude Include="Engine\ECS\Component\Components\ComputeComponents\Collision\CollisionCheck\CollisionCheck.h">
      <Filter>Engine\ECS\Component\Components\ComputeComponents\Collision\CollisionCheck</Filter>
    </ClInclude>
    <ClInclude Include="Engine\ECS\Component\Components\ComputeComponents\Collision\CollisionFilter.h">
      <Filter>Engine\ECS\Component\Components\ComputeComponents\Collision</Filter>
    </ClInclude>
    <ClInclude Include="Engine\ECS\Component\Components\ComputeComponents\Collision\ICollider.h">
      <Filter>Engine\ECS\Component\Components\ComputeComponents\Collision</Filter>
    </ClInclude>
    <ClInclude Include="Engine\ECS\Component\Components\ComputeComponents\Collision\SphereCollider.h">
      <Filter>Engine\ECS\Component\Components\ComputeComponents\Collision</Filter>
    </ClInclude>
    <ClInclude Include="Engine\ECS\Component\Components\ComputeComponents\Effect\Effect.h">
      <Filter>Engine\ECS\Component\Components\ComputeComponents\Effect</Filter>
    </ClInclude>
    <ClInclude Include="Engine\ECS\Component\Components\ComputeComponents\Effect\EmitShape\EffectEmitShape.h">
      <Filter>Engine\ECS\Component\Components\ComputeComponents\Effect\EmitShape</Filter>
    </ClInclude>
    <ClInclude Include="Engine\ECS\Component\Components\ComputeComponents\Effect\MainModule\EffectMainModule.h">
      <Filter>Engine\ECS\Component\Components\ComputeComponents\Effect\MainModule</Filter>
    </ClInclude>
    <ClInclude Include="Engine\ECS\Component\Components\ComputeComponents\Light\Light.h">
      <Filter>Engine\ECS\Component\Components\ComputeComponents\Light</Filter>
    </ClInclude>
    <ClInclude Include="Engine\ECS\Component\Components\ComputeComponents\Script\Script.h">
      <Filter>Engine\ECS\Component\Components\ComputeComponents\Script</Filter>
    </ClInclude>
    <ClInclude Include="Engine\ECS\Component\Components\ComputeComponents\ShadowCaster\ShadowCaster.h">
      <Filter>Engine\ECS\Component\Components\ComputeComponents\ShadowCaster</Filter>
    </ClInclude>
    <ClInclude Include="Engine\ECS\Component\Components\ComputeComponents\Terrain\Grass\GrassField.h">
      <Filter>Engine\ECS\Component\Components\ComputeComponents\Terrain\Grass</Filter>
    </ClInclude>
    <ClInclude Include="Engine\ECS\Component\Components\ComputeComponents\Terrain\River\River.h">
      <Filter>Engine\ECS\Component\Components\ComputeComponents\Terrain\River</Filter>
    </ClInclude>
    <ClInclude Include="Engine\ECS\Component\Components\ComputeComponents\Terrain\Terrain.h">
      <Filter>Engine\ECS\Component\Components\ComputeComponents\Terrain</Filter>
    </ClInclude>
    <ClInclude Include="Engine\ECS\Component\Components\ComputeComponents\Terrain\TerrainCollider.h">
      <Filter>Engine\ECS\Component\Components\ComputeComponents\Terrain</Filter>
    </ClInclude>
    <ClInclude Include="Engine\ECS\Component\Components\ComputeComponents\Terrain\TerrainVertex.h">
      <Filter>Engine\ECS\Component\Components\ComputeComponents\Terrain</Filter>
    </ClInclude>
    <ClInclude Include="Engine\ECS\Component\Components\ComputeComponents\Transform\Transform.h">
      <Filter>Engine\ECS\Component\Components\ComputeComponents\Transform</Filter>
    </ClInclude>
    <ClInclude Include="Engine\ECS\Component\Components\ComputeComponents\Variables\Variables.h">
      <Filter>Engine\ECS\Component\Components\ComputeComponents\Variables</Filter>
    </ClInclude>
    <ClInclude Include="Engine\ECS\Component\Components\ComputeComponents\VoxelTerrain\VoxelTerrain.h">
      <Filter>Engine\ECS\Component\Components\ComputeComponents\VoxelTerrain</Filter>
    </ClInclude>
    <ClInclude Include="Engine\ECS\Component\Components\ComputeComponents\VoxelTerrain\VoxelTerrainChunk.h">
      <Filter>Engine\ECS\Component\Components\ComputeComponents\VoxelTerrain</Filter>
    </ClInclude>
    <ClInclude Include="Engine\ECS\Component\Components\Interface\IComponent.h">
      <Filter>Engine\ECS\Component\Components\Interface</Filter>
    </ClInclude>
    <ClInclude Include="Engine\ECS\Component\Components\RendererComponents\Mesh\CustomMeshRenderer.h">
      <Filter>Engine\ECS\Component\Components\RendererComponents\Mesh</Filter>
    </ClInclude>
    <ClInclude Include="Engine\ECS\Component\Components\RendererComponents\Mesh\DissolveMeshRenderer.h">
      <Filter>Engine\ECS\Component\Components\RendererComponents\Mesh</Filter>
    </ClInclude>
    <ClInclude Include="Engine\ECS\Component\Components\RendererComponents\Mesh\MeshRenderer.h">
      <Filter>Engine\ECS\Component\Components\RendererComponents\Mesh</Filter>
    </ClInclude>
    <ClInclude Include="Engine\ECS\Component\Components\RendererComponents\Primitive\Line2DRenderer.h">
      <Filter>Engine\ECS\Component\Components\RendererComponents\Primitive</Filter>
    </ClInclude>
    <ClInclude Include="Engine\ECS\Component\Components\RendererComponents\Primitive\Line3DRenderer.h">
      <Filter>Engine\ECS\Component\Components\RendererComponents\Primitive</Filter>
    </ClInclude>
    <ClInclude Include="Engine\ECS\Component\Components\RendererComponents\ScreenPostEffectTag\ScreenPostEffectTag.h">
      <Filter>Engine\ECS\Component\Components\RendererComponents\ScreenPostEffectTag</Filter>
    </ClInclude>
    <ClInclude Include="Engine\ECS\Component\Components\RendererComponents\SkinMesh\SkinMeshRenderer.h">
      <Filter>Engine\ECS\Component\Components\RendererComponents\SkinMesh</Filter>
    </ClInclude>
    <ClInclude Include="Engine\ECS\Component\Components\RendererComponents\Skybox\Skybox.h">
      <Filter>Engine\ECS\Component\Components\RendererComponents\Skybox</Filter>
    </ClInclude>
    <ClInclude Include="Engine\ECS\Component\Components\RendererComponents\Sprite\SpriteRenderer.h">
      <Filter>Engine\ECS\Component\Components\RendererComponents\Sprite</Filter>
    </ClInclude>
    <ClInclude Include="Engine\ECS\Entity\Collection\EntityCollection.h">
      <Filter>Engine\ECS\Entity\Collection</Filter>
    </ClInclude>
    <ClInclude Include="Engine\ECS\Entity\EntityJsonConverter.h">
      <Filter>Engine\ECS\Entity</Filter>
    </ClInclude>
    <ClInclude Include="Engine\ECS\Entity\GameEntity\GameEntity.h">
      <Filter>Engine\ECS\Entity\GameEntity</Filter>
    </ClInclude>
    <ClInclude Include="Engine\ECS\Entity\Prefab\EntityPrefab.h">
      <Filter>Engine\ECS\Entity\Prefab</Filter>
    </ClInclude>
    <ClInclude Include="Engine\ECS\Entity\Prefab\EntityPrefabCollection.h">
      <Filter>Engine\ECS\Entity\Prefab</Filter>
    </ClInclude>
    <ClInclude Include="Engine\ECS\EntityComponentSystem\AddECSComponentFactoryFunction.h">
      <Filter>Engine\ECS\EntityComponentSystem</Filter>
    </ClInclude>
    <ClInclude Include="Engine\ECS\EntityComponentSystem\AddECSSystemFunction.h">
      <Filter>Engine\ECS\EntityComponentSystem</Filter>
    </ClInclude>
    <ClInclude Include="Engine\ECS\EntityComponentSystem\ComponentApplyFunc.h">
      <Filter>Engine\ECS\EntityComponentSystem</Filter>
    </ClInclude>
    <ClInclude Include="Engine\ECS\EntityComponentSystem\ECSGroup.h">
      <Filter>Engine\ECS\EntityComponentSystem</Filter>
    </ClInclude>
    <ClInclude Include="Engine\ECS\EntityComponentSystem\EntityComponentSystem.h">
      <Filter>Engine\ECS\EntityComponentSystem</Filter>
    </ClInclude>
    <ClInclude Include="Engine\ECS\System\AI\AISystem.h">
      <Filter>Engine\ECS\System\AI</Filter>
    </ClInclude>
    <ClInclude Include="Engine\ECS\System\Audio\AudioPlaybackSystem.h">
      <Filter>Engine\ECS\System\Audio</Filter>
    </ClInclude>
    <ClInclude Include="Engine\ECS\System\CameraUpdate\CameraUpdateSystem.h">
      <Filter>Engine\ECS\System\CameraUpdate</Filter>
    </ClInclude>
    <ClInclude Include="Engine\ECS\System\Collision\ColliderRenderQueueSystem.h">
      <Filter>Engine\ECS\System\Collision</Filter>
    </ClInclude>
    <ClInclude Include="Engine\ECS\System\Collision\CollisionSystem.h">
      <Filter>Engine\ECS\System\Collision</Filter>
    </ClInclude>
    <ClInclude Include="Engine\ECS\System\EffectUpdateSystem\EffectUpdateSystem.h">
      <Filter>Engine\ECS\System\EffectUpdateSystem</Filter>
    </ClInclude>
    <ClInclude Include="Engine\ECS\System\GrassBufferCreateSystem\GrassBufferCreateSystem.h">
      <Filter>Engine\ECS\System\GrassBufferCreateSystem</Filter>
    </ClInclude>
    <ClInclude Include="Engine\ECS\System\Interface\ECSISystem.h">
      <Filter>Engine\ECS\System\Interface</Filter>
    </ClInclude>
    <ClInclude Include="Engine\ECS\System\MeshBufferRecreate\MeshBufferRecreate.h">
      <Filter>Engine\ECS\System\MeshBufferRecreate</Filter>
    </ClInclude>
    <ClInclude Include="Engine\ECS\System\Movement\MovementSystem.h">
      <Filter>Engine\ECS\System\Movement</Filter>
    </ClInclude>
    <ClInclude Include="Engine\ECS\System\ScriptUpdateSystem\ScriptUpdateSystem.h">
      <Filter>Engine\ECS\System\ScriptUpdateSystem</Filter>
    </ClInclude>
    <ClInclude Include="Engine\ECS\System\ShadowCaster\ShadowCasterUpdateSystem.h">
      <Filter>Engine\ECS\System\ShadowCaster</Filter>
    </ClInclude>
    <ClInclude Include="Engine\ECS\System\SkinMesh\SkinMeshUpdateSystem.h">
      <Filter>Engine\ECS\System\SkinMesh</Filter>
    </ClInclude>
    <ClInclude Include="Engine\ECS\System\SystemCollection\SystemCollection.h">
      <Filter>Engine\ECS\System\SystemCollection</Filter>
    </ClInclude>
    <ClInclude Include="Engine\ECS\System\Terrain\TerrainColliderVertexGenerator.h">
      <Filter>Engine\ECS\System\Terrain</Filter>
    </ClInclude>
    <ClInclude Include="Engine\ECS\System\Terrain\TerrainCollision.h">
      <Filter>Engine\ECS\System\Terrain</Filter>
    </ClInclude>
    <ClInclude Include="Engine\ECS\System\Transform\TransformUpdateSystem.h">
      <Filter>Engine\ECS\System\Transform</Filter>
    </ClInclude>
    <ClInclude Include="Engine\Editor\Clipboard\Clipboard.h">
      <Filter>Engine\Editor\Clipboard</Filter>
    </ClInclude>
    <ClInclude Include="Engine\Editor\Commands\ComponentEditCommands\ComponentEditCommands.h">
      <Filter>Engine\Editor\Commands\ComponentEditCommands</Filter>
    </ClInclude>
    <ClInclude Include="Engine\Editor\Commands\ComponentEditCommands\ComponentJsonConverter.h">
      <Filter>Engine\Editor\Commands\ComponentEditCommands</Filter>
    </ClInclude>
    <ClInclude Include="Engine\Editor\Commands\IEditCommand.h">
      <Filter>Engine\Editor\Commands</Filter>
    </ClInclude>
    <ClInclude Include="Engine\Editor\Commands\ImGuiCommand\FocusEntityCommand.h">
      <Filter>Engine\Editor\Commands\ImGuiCommand</Filter>
    </ClInclude>
    <ClInclude Include="Engine\Editor\Commands\ImGuiCommand\ImGuiCommand.h">
      <Filter>Engine\Editor\Commands\ImGuiCommand</Filter>
    </ClInclude>
    <ClInclude Include="Engine\Editor\Commands\WorldEditorCommands\WorldEditorCommands.h">
      <Filter>Engine\Editor\Commands\WorldEditorCommands</Filter>
    </ClInclude>
    <ClInclude Include="Engine\Editor\EditorCompute\GameEntityPicking\GameEntityPickingPipeline.h">
      <Filter>Engine\Editor\EditorCompute\GameEntityPicking</Filter>
    </ClInclude>
    <ClInclude Include="Engine\Editor\EditorCompute\Grass\GrassArrangementPipeline.h">
      <Filter>Engine\Editor\EditorCompute\Grass</Filter>
    </ClInclude>
    <ClInclude Include="Engine\Editor\EditorCompute\Interface\IEditorCompute.h">
      <Filter>Engine\Editor\EditorCompute\Interface</Filter>
    </ClInclude>
    <ClInclude Include="Engine\Editor\EditorCompute\River\RiverMeshGeneratePipeline.h">
      <Filter>Engine\Editor\EditorCompute\River</Filter>
    </ClInclude>
    <ClInclude Include="Engine\Editor\EditorCompute\TerrainEditor\RiverTerrainAdjustPipeline.h">
      <Filter>Engine\Editor\EditorCompute\TerrainEditor</Filter>
    </ClInclude>
    <ClInclude Include="Engine\Editor\EditorCompute\TerrainEditor\TerrainDataOutput.h">
      <Filter>Engine\Editor\EditorCompute\TerrainEditor</Filter>
    </ClInclude>
    <ClInclude Include="Engine\Editor\EditorCompute\TerrainEditor\TerrainInfo.h">
      <Filter>Engine\Editor\EditorCompute\TerrainEditor</Filter>
    </ClInclude>
    <ClInclude Include="Engine\Editor\EditorCompute\TerrainEditor\TerrainVertexCreator.h">
      <Filter>Engine\Editor\EditorCompute\TerrainEditor</Filter>
    </ClInclude>
    <ClInclude Include="Engine\Editor\EditorCompute\TerrainEditor\TerrainVertexEditorCompute.h">
      <Filter>Engine\Editor\EditorCompute\TerrainEditor</Filter>
    </ClInclude>
    <ClInclude Include="Engine\Editor\EditorCompute\VoxelTerrainEditor\VoxelTerrainEditorComputePipeline.h">
      <Filter>Engine\Editor\EditorCompute\VoxelTerrainEditor</Filter>
    </ClInclude>
    <ClInclude Include="Engine\Editor\EditorUtils.h">
      <Filter>Engine\Editor</Filter>
    </ClInclude>
    <ClInclude Include="Engine\Editor\Manager\EditCommand.h">
      <Filter>Engine\Editor\Manager</Filter>
    </ClInclude>
    <ClInclude Include="Engine\Editor\Manager\EditorManager.h">
      <Filter>Engine\Editor\Manager</Filter>
    </ClInclude>
    <ClInclude Include="Engine\Editor\Manager\ImGuiManager.h">
      <Filter>Engine\Editor\Manager</Filter>
    </ClInclude>
    <ClInclude Include="Engine\Editor\Math\AssetDebugger.h">
      <Filter>Engine\Editor\Math</Filter>
    </ClInclude>
    <ClInclude Include="Engine\Editor\Math\AssetPayload.h">
      <Filter>Engine\Editor\Math</Filter>
    </ClInclude>
    <ClInclude Include="Engine\Editor\Math\Combo\Combo.h">
      <Filter>Engine\Editor\Math\Combo</Filter>
    </ClInclude>
    <ClInclude Include="Engine\Editor\Math\DragDrop\DragDrop.h">
      <Filter>Engine\Editor\Math\DragDrop</Filter>
    </ClInclude>
    <ClInclude Include="Engine\Editor\Math\FileWatcher\FileWatcher.h">
      <Filter>Engine\Editor\Math\FileWatcher</Filter>
    </ClInclude>
    <ClInclude Include="Engine\Editor\Math\ImGuiMath.h">
      <Filter>Engine\Editor\Math</Filter>
    </ClInclude>
    <ClInclude Include="Engine\Editor\Math\ImGuiSceneImageInfo.h">
      <Filter>Engine\Editor\Math</Filter>
    </ClInclude>
    <ClInclude Include="Engine\Editor\Math\ImGuiSelection.h">
      <Filter>Engine\Editor\Math</Filter>
    </ClInclude>
    <ClInclude Include="Engine\Editor\Math\ImGuiShowField.h">
      <Filter>Engine\Editor\Math</Filter>
    </ClInclude>
    <ClInclude Include="Engine\Editor\Math\MetaData\AssetMetaReflection.h">
      <Filter>Engine\Editor\Math\MetaData</Filter>
    </ClInclude>
    <ClInclude Include="Engine\Editor\Math\MetaData\MetaReflectionUI.h">
      <Filter>Engine\Editor\Math\MetaData</Filter>
    </ClInclude>
    <ClInclude Include="Engine\Editor\Math\Pivot\Pivot.h">
      <Filter>Engine\Editor\Math\Pivot</Filter>
    </ClInclude>
    <ClInclude Include="Engine\Editor\Math\Preview\Texture2DPreview.h">
      <Filter>Engine\Editor\Math\Preview</Filter>
    </ClInclude>
    <ClInclude Include="Engine\Editor\Math\Widget\BasicTypeWidget.h">
      <Filter>Engine\Editor\Math\Widget</Filter>
    </ClInclude>
    <ClInclude Include="Engine\Editor\Math\Widget\VectorWidget.h">
      <Filter>Engine\Editor\Math\Widget</Filter>
    </ClInclude>
    <ClInclude Include="Engine\Editor\Views\EditorViewCollection.h">
      <Filter>Engine\Editor\Views</Filter>
    </ClInclude>
    <ClInclude Include="Engine\Editor\Views\Tabs\AITab.h">
      <Filter>Engine\Editor\Views\Tabs</Filter>
    </ClInclude>
    <ClInclude Include="Engine\Editor\Views\Tabs\DevelopTab.h">
      <Filter>Engine\Editor\Views\Tabs</Filter>
    </ClInclude>
    <ClInclude Include="Engine\Editor\Views\Tabs\EditorTab.h">
      <Filter>Engine\Editor\Views\Tabs</Filter>
    </ClInclude>
    <ClInclude Include="Engine\Editor\Views\Tabs\GameTab.h">
      <Filter>Engine\Editor\Views\Tabs</Filter>
    </ClInclude>
    <ClInclude Include="Engine\Editor\Views\Tabs\PrefabTab.h">
      <Filter>Engine\Editor\Views\Tabs</Filter>
    </ClInclude>
    <ClInclude Include="Engine\Editor\Views\Windows\Develop\BehaviorTreeEditorWindow.h">
      <Filter>Engine\Editor\Views\Windows\Develop</Filter>
    </ClInclude>
    <ClInclude Include="Engine\Editor\Views\Windows\Develop\ConsoleWindow.h">
      <Filter>Engine\Editor\Views\Windows\Develop</Filter>
    </ClInclude>
    <ClInclude Include="Engine\Editor\Views\Windows\Develop\DebugSceneView.h">
      <Filter>Engine\Editor\Views\Windows\Develop</Filter>
    </ClInclude>
    <ClInclude Include="Engine\Editor\Views\Windows\Develop\GameSceneView.h">
      <Filter>Engine\Editor\Views\Windows\Develop</Filter>
    </ClInclude>
    <ClInclude Include="Engine\Editor\Views\Windows\Develop\HierarchyWindow.h">
      <Filter>Engine\Editor\Views\Windows\Develop</Filter>
    </ClInclude>
    <ClInclude Include="Engine\Editor\Views\Windows\Develop\InspectorWindow.h">
      <Filter>Engine\Editor\Views\Windows\Develop</Filter>
    </ClInclude>
    <ClInclude Include="Engine\Editor\Views\Windows\Develop\ProjectWindow.h">
      <Filter>Engine\Editor\Views\Windows\Develop</Filter>
    </ClInclude>
    <ClInclude Include="Engine\Editor\Views\Windows\Develop\TexturePreviewWindow.h">
      <Filter>Engine\Editor\Views\Windows\Develop</Filter>
    </ClInclude>
    <ClInclude Include="Engine\Editor\Views\Windows\Editor\TestWindow.h">
      <Filter>Engine\Editor\Views\Windows\Editor</Filter>
    </ClInclude>
    <ClInclude Include="Engine\Editor\Views\Windows\Prefab\PrefabFileWindow.h">
      <Filter>Engine\Editor\Views\Windows\Prefab</Filter>
    </ClInclude>
    <ClInclude Include="Engine\Editor\Views\Windows\Prefab\PrefabViewWindow.h">
      <Filter>Engine\Editor\Views\Windows\Prefab</Filter>
    </ClInclude>
    <ClInclude Include="Engine\Graphics\Buffer\ByteAddressBuffer.h">
      <Filter>Engine\Graphics\Buffer</Filter>
    </ClInclude>
    <ClInclude Include="Engine\Graphics\Buffer\ConstantBuffer.h">
      <Filter>Engine\Graphics\Buffer</Filter>
    </ClInclude>
    <ClInclude Include="Engine\Graphics\Buffer\Data\GPUMaterial.h">
      <Filter>Engine\Graphics\Buffer\Data</Filter>
    </ClInclude>
    <ClInclude Include="Engine\Graphics\Buffer\Data\UVTransform.h">
      <Filter>Engine\Graphics\Buffer\Data</Filter>
    </ClInclude>
    <ClInclude Include="Engine\Graphics\Buffer\Data\ViewProjection.h">
      <Filter>Engine\Graphics\Buffer\Data</Filter>
    </ClInclude>
    <ClInclude Include="Engine\Graphics\Buffer\IndexBuffer.h">
      <Filter>Engine\Graphics\Buffer</Filter>
    </ClInclude>
    <ClInclude Include="Engine\Graphics\Buffer\StructuredBuffer.h">
      <Filter>Engine\Graphics\Buffer</Filter>
    </ClInclude>
    <ClInclude Include="Engine\Graphics\Buffer\VertexBuffer.h">
      <Filter>Engine\Graphics\Buffer</Filter>
    </ClInclude>
    <ClInclude Include="Engine\Graphics\Framework\RenderInfo.h">
      <Filter>Engine\Graphics\Framework</Filter>
    </ClInclude>
    <ClInclude Include="Engine\Graphics\Framework\RenderingFramework.h">
      <Filter>Engine\Graphics\Framework</Filter>
    </ClInclude>
    <ClInclude Include="Engine\Graphics\Pipelines\Collection\RenderingPipelineCollection.h">
      <Filter>Engine\Graphics\Pipelines\Collection</Filter>
    </ClInclude>
    <ClInclude Include="Engine\Graphics\Pipelines\Interface\IPostProcessPipeline.h">
      <Filter>Engine\Graphics\Pipelines\Interface</Filter>
    </ClInclude>
    <ClInclude Include="Engine\Graphics\Pipelines\Interface\IRenderingPipeline.h">
      <Filter>Engine\Graphics\Pipelines\Interface</Filter>
    </ClInclude>
    <ClInclude Include="Engine\Graphics\Pipelines\PostProcess\PerObject\Blur\PostProcessGaussianBlurPerObject.h">
      <Filter>Engine\Graphics\Pipelines\PostProcess\PerObject\Blur</Filter>
    </ClInclude>
    <ClInclude Include="Engine\Graphics\Pipelines\PostProcess\PerObject\Grayscale\PostProcessGrayscalePerObject.h">
      <Filter>Engine\Graphics\Pipelines\PostProcess\PerObject\Grayscale</Filter>
    </ClInclude>
    <ClInclude Include="Engine\Graphics\Pipelines\PostProcess\PerObject\Light\PostProcessLighting.h">
      <Filter>Engine\Graphics\Pipelines\PostProcess\PerObject\Light</Filter>
    </ClInclude>
    <ClInclude Include="Engine\Graphics\Pipelines\PostProcess\PerObject\TerrainBrush\PostProcessTerrainBrush.h">
      <Filter>Engine\Graphics\Pipelines\PostProcess\PerObject\TerrainBrush</Filter>
    </ClInclude>
    <ClInclude Include="Engine\Graphics\Pipelines\PostProcess\PerObject\VoxelTerrainBrush\PostProcessVoxelTerrainBrush.h">
      <Filter>Engine\Graphics\Pipelines\PostProcess\PerObject\VoxelTerrainBrush</Filter>
    </ClInclude>
    <ClInclude Include="Engine\Graphics\Pipelines\PostProcess\Screen\Fog\PostProcessFog.h">
      <Filter>Engine\Graphics\Pipelines\PostProcess\Screen\Fog</Filter>
    </ClInclude>
    <ClInclude Include="Engine\Graphics\Pipelines\PostProcess\Screen\Grayscale\PostProcessGrayscale.h">
      <Filter>Engine\Graphics\Pipelines\PostProcess\Screen\Grayscale</Filter>
    </ClInclude>
    <ClInclude Include="Engine\Graphics\Pipelines\PostProcess\Screen\RadialBlur\PostProcessRadialBlur.h">
      <Filter>Engine\Graphics\Pipelines\PostProcess\Screen\RadialBlur</Filter>
    </ClInclude>
    <ClInclude Include="Engine\Graphics\Pipelines\PostProcess\Screen\Shadow\PostProcessShadowApply.h">
      <Filter>Engine\Graphics\Pipelines\PostProcess\Screen\Shadow</Filter>
    </ClInclude>
    <ClInclude Include="Engine\Graphics\Pipelines\Render\CopyImage\CopyImageRenderingPipeline.h">
      <Filter>Engine\Graphics\Pipelines\Render\CopyImage</Filter>
    </ClInclude>
    <ClInclude Include="Engine\Graphics\Pipelines\Render\Effect\EffectRenderingPipeline.h">
      <Filter>Engine\Graphics\Pipelines\Render\Effect</Filter>
    </ClInclude>
    <ClInclude Include="Engine\Graphics\Pipelines\Render\Gizmo\GizmoPrimitiveVertices.h">
      <Filter>Engine\Graphics\Pipelines\Render\Gizmo</Filter>
    </ClInclude>
    <ClInclude Include="Engine\Graphics\Pipelines\Render\Gizmo\GizmoRenderingPipeline.h">
      <Filter>Engine\Graphics\Pipelines\Render\Gizmo</Filter>
    </ClInclude>
    <ClInclude Include="Engine\Graphics\Pipelines\Render\Grass\GrassRenderingPipeline.h">
      <Filter>Engine\Graphics\Pipelines\Render\Grass</Filter>
    </ClInclude>
    <ClInclude Include="Engine\Graphics\Pipelines\Render\Grid\GridRenderingPipeline.h">
      <Filter>Engine\Graphics\Pipelines\Render\Grid</Filter>
    </ClInclude>
    <ClInclude Include="Engine\Graphics\Pipelines\Render\Mesh\DissolveMeshRenderingPipeline.h">
      <Filter>Engine\Graphics\Pipelines\Render\Mesh</Filter>
    </ClInclude>
    <ClInclude Include="Engine\Graphics\Pipelines\Render\Mesh\MeshRenderingPipeline.h">
      <Filter>Engine\Graphics\Pipelines\Render\Mesh</Filter>
    </ClInclude>
    <ClInclude Include="Engine\Graphics\Pipelines\Render\Mesh\SkinMeshRenderingPipeline.h">
      <Filter>Engine\Graphics\Pipelines\Render\Mesh</Filter>
    </ClInclude>
    <ClInclude Include="Engine\Graphics\Pipelines\Render\Mesh\SkinMeshSkeletonRenderingPipeline.h">
      <Filter>Engine\Graphics\Pipelines\Render\Mesh</Filter>
    </ClInclude>
    <ClInclude Include="Engine\Graphics\Pipelines\Render\Primitive\Line2DRenderingPipeline.h">
      <Filter>Engine\Graphics\Pipelines\Render\Primitive</Filter>
    </ClInclude>
    <ClInclude Include="Engine\Graphics\Pipelines\Render\Primitive\Line3DRenderingPipeline.h">
      <Filter>Engine\Graphics\Pipelines\Render\Primitive</Filter>
    </ClInclude>
    <ClInclude Include="Engine\Graphics\Pipelines\Render\River\RiverRenderingPipeline.h">
      <Filter>Engine\Graphics\Pipelines\Render\River</Filter>
    </ClInclude>
    <ClInclude Include="Engine\Graphics\Pipelines\Render\Skybox\SkyboxRenderingPipeline.h">
      <Filter>Engine\Graphics\Pipelines\Render\Skybox</Filter>
    </ClInclude>
    <ClInclude Include="Engine\Graphics\Pipelines\Render\Sprite\SpriteRenderingPipeline.h">
      <Filter>Engine\Graphics\Pipelines\Render\Sprite</Filter>
    </ClInclude>
    <ClInclude Include="Engine\Graphics\Pipelines\Render\Terrain\TerrainProceduralRenderingPipeline.h">
      <Filter>Engine\Graphics\Pipelines\Render\Terrain</Filter>
    </ClInclude>
    <ClInclude Include="Engine\Graphics\Pipelines\Render\Terrain\TerrainRenderingPipeline.h">
      <Filter>Engine\Graphics\Pipelines\Render\Terrain</Filter>
    </ClInclude>
    <ClInclude Include="Engine\Graphics\Pipelines\Render\VoxelTerrain\VoxelTerrainBrushPreviewRenderingPipeline.h">
      <Filter>Engine\Graphics\Pipelines\Render\VoxelTerrain</Filter>
    </ClInclude>
    <ClInclude Include="Engine\Graphics\Pipelines\Render\VoxelTerrain\VoxelTerrainRenderingPipeline.h">
      <Filter>Engine\Graphics\Pipelines\Render\VoxelTerrain</Filter>
    </ClInclude>
    <ClInclude Include="Engine\Graphics\Pipelines\Render\VoxelTerrain\VoxelTerrainTransvoxelRenderingPipeline.h">
      <Filter>Engine\Graphics\Pipelines\Render\VoxelTerrain</Filter>
    </ClInclude>
    <ClInclude Include="Engine\Graphics\Pipelines\Render\VoxelTerrain\VoxelTerrainVertexCreatePipeline.h">
      <Filter>Engine\Graphics\Pipelines\Render\VoxelTerrain</Filter>
    </ClInclude>
    <ClInclude Include="Engine\Graphics\Pipelines\Render\VoxelTerrain\VoxelTerrainVertexShaderRenderingPipeline.h">
      <Filter>Engine\Graphics\Pipelines\Render\VoxelTerrain</Filter>
    </ClInclude>
    <ClInclude Include="Engine\Graphics\RenderTexture\RenderTexture.h">
      <Filter>Engine\Graphics\RenderTexture</Filter>
    </ClInclude>
    <ClInclude Include="Engine\Graphics\RenderTexture\SceneRenderTexture.h">
      <Filter>Engine\Graphics\RenderTexture</Filter>
    </ClInclude>
    <ClInclude Include="Engine\Graphics\Shader\ComputePipeline.h">
      <Filter>Engine\Graphics\Shader</Filter>
    </ClInclude>
    <ClInclude Include="Engine\Graphics\Shader\GraphicsPipeline.h">
      <Filter>Engine\Graphics\Shader</Filter>
    </ClInclude>
    <ClInclude Include="Engine\Graphics\Shader\Shader.h">
      <Filter>Engine\Graphics\Shader</Filter>
    </ClInclude>
    <ClInclude Include="Engine\Graphics\Shader\ShaderCompiler.h">
      <Filter>Engine\Graphics\Shader</Filter>
    </ClInclude>
    <ClInclude Include="Engine\Scene\Loader\SceneIO.h">
      <Filter>Engine\Scene\Loader</Filter>
    </ClInclude>
    <ClInclude Include="Engine\Scene\SceneManager.h">
      <Filter>Engine\Scene</Filter>
    </ClInclude>
    <ClInclude Include="Engine\Script\InternalCalls\AddInternalMethods.h">
      <Filter>Engine\Script\InternalCalls</Filter>
    </ClInclude>
    <ClInclude Include="Engine\Script\InternalCalls\EventInternalCalls.h">
      <Filter>Engine\Script\InternalCalls</Filter>
    </ClInclude>
    <ClInclude Include="Engine\Script\MonoScriptEngine.h">
      <Filter>Engine\Script</Filter>
    </ClInclude>
  </ItemGroup>
  <ItemGroup>
    <ClCompile Include="Engine\Asset\AssetType.cpp">
      <Filter>Engine\Asset</Filter>
    </ClCompile>
    <ClCompile Include="Engine\Asset\Assets\AudioClip\AudioClip.cpp">
      <Filter>Engine\Asset\Assets\AudioClip</Filter>
    </ClCompile>
    <ClCompile Include="Engine\Asset\Assets\AudioClip\AudioClipLoader.cpp">
      <Filter>Engine\Asset\Assets\AudioClip</Filter>
    </ClCompile>
    <ClCompile Include="Engine\Asset\Assets\Material\Material.cpp">
      <Filter>Engine\Asset\Assets\Material</Filter>
    </ClCompile>
    <ClCompile Include="Engine\Asset\Assets\Material\MaterialLoader.cpp">
      <Filter>Engine\Asset\Assets\Material</Filter>
    </ClCompile>
    <ClCompile Include="Engine\Asset\Assets\Mesh\Mesh.cpp">
      <Filter>Engine\Asset\Assets\Mesh</Filter>
    </ClCompile>
    <ClCompile Include="Engine\Asset\Assets\Mesh\Model.cpp">
      <Filter>Engine\Asset\Assets\Mesh</Filter>
    </ClCompile>
    <ClCompile Include="Engine\Asset\Assets\Mesh\ModelLoader.cpp">
      <Filter>Engine\Asset\Assets\Mesh</Filter>
    </ClCompile>
    <ClCompile Include="Engine\Asset\Assets\Mesh\Skinning.cpp">
      <Filter>Engine\Asset\Assets\Mesh</Filter>
    </ClCompile>
    <ClCompile Include="Engine\Asset\Assets\Shader\Shader.cpp">
      <Filter>Engine\Asset\Assets\Shader</Filter>
    </ClCompile>
    <ClCompile Include="Engine\Asset\Assets\Shader\ShaderLoader.cpp">
      <Filter>Engine\Asset\Assets\Shader</Filter>
    </ClCompile>
    <ClCompile Include="Engine\Asset\Assets\Texture\Texture.cpp">
      <Filter>Engine\Asset\Assets\Texture</Filter>
    </ClCompile>
    <ClCompile Include="Engine\Asset\Assets\Texture\TextureLoader.cpp">
      <Filter>Engine\Asset\Assets\Texture</Filter>
    </ClCompile>
    <ClCompile Include="Engine\Asset\Collection\AssetCollection.cpp">
      <Filter>Engine\Asset\Collection</Filter>
    </ClCompile>
    <ClCompile Include="Engine\Asset\Guid\Guid.cpp">
      <Filter>Engine\Asset\Guid</Filter>
    </ClCompile>
    <ClCompile Include="Engine\Asset\Meta\MetaFile.cpp">
      <Filter>Engine\Asset\Meta</Filter>
    </ClCompile>
    <ClCompile Include="Engine\Core\Config\EngineConfig.cpp">
      <Filter>Engine\Core\Config</Filter>
    </ClCompile>
    <ClCompile Include="Engine\Core\DirectX12\Command\DxCommand.cpp">
      <Filter>Engine\Core\DirectX12\Command</Filter>
    </ClCompile>
    <ClCompile Include="Engine\Core\DirectX12\Command\DxUploadCommand.cpp">
      <Filter>Engine\Core\DirectX12\Command</Filter>
    </ClCompile>
    <ClCompile Include="Engine\Core\DirectX12\Debug\DxDebug.cpp">
      <Filter>Engine\Core\DirectX12\Debug</Filter>
    </ClCompile>
    <ClCompile Include="Engine\Core\DirectX12\DepthStencil\DxDepthStencil.cpp">
      <Filter>Engine\Core\DirectX12\DepthStencil</Filter>
    </ClCompile>
    <ClCompile Include="Engine\Core\DirectX12\DescriptorHeap\DxDSVHeap.cpp">
      <Filter>Engine\Core\DirectX12\DescriptorHeap</Filter>
    </ClCompile>
    <ClCompile Include="Engine\Core\DirectX12\DescriptorHeap\DxRTVHeap.cpp">
      <Filter>Engine\Core\DirectX12\DescriptorHeap</Filter>
    </ClCompile>
    <ClCompile Include="Engine\Core\DirectX12\DescriptorHeap\DxSRVHeap.cpp">
      <Filter>Engine\Core\DirectX12\DescriptorHeap</Filter>
    </ClCompile>
    <ClCompile Include="Engine\Core\DirectX12\DescriptorHeap\IDxDescriptorHeap.cpp">
      <Filter>Engine\Core\DirectX12\DescriptorHeap</Filter>
    </ClCompile>
    <ClCompile Include="Engine\Core\DirectX12\Device\DxDevice.cpp">
      <Filter>Engine\Core\DirectX12\Device</Filter>
    </ClCompile>
    <ClCompile Include="Engine\Core\DirectX12\GPUTimeStamp\GPUTimeStamp.cpp">
      <Filter>Engine\Core\DirectX12\GPUTimeStamp</Filter>
    </ClCompile>
    <ClCompile Include="Engine\Core\DirectX12\Manager\DxManager.cpp">
      <Filter>Engine\Core\DirectX12\Manager</Filter>
    </ClCompile>
    <ClCompile Include="Engine\Core\DirectX12\Resource\DxResource.cpp">
      <Filter>Engine\Core\DirectX12\Resource</Filter>
    </ClCompile>
    <ClCompile Include="Engine\Core\DirectX12\SwapChain\DxSwapChain.cpp">
      <Filter>Engine\Core\DirectX12\SwapChain</Filter>
    </ClCompile>
    <ClCompile Include="Engine\Core\Event\FrameEventQueue.cpp">
      <Filter>Engine\Core\Event</Filter>
    </ClCompile>
    <ClCompile Include="Engine\Core\GameFramework\GameFramework.cpp">
      <Filter>Engine\Core\GameFramework</Filter>
    </ClCompile>
    <ClCompile Include="Engine\Core\Threading\ThreadPool.cpp">
      <Filter>Engine\Core\Threading</Filter>
    </ClCompile>
    <ClCompile Include="Engine\Core\Utility\FileSystem\FileSystem.cpp">
      <Filter>Engine\Core\Utility\FileSystem</Filter>
    </ClCompile>
    <ClCompile Include="Engine\Core\Utility\Input\Gamepad.cpp">
      <Filter>Engine\Core\Utility\Input</Filter>
    </ClCompile>
    <ClCompile Include="Engine\Core\Utility\Input\Input.cpp">
      <Filter>Engine\Core\Utility\Input</Filter>
    </ClCompile>
    <ClCompile Include="Engine\Core\Utility\Input\InputSystem.cpp">
      <Filter>Engine\Core\Utility\Input</Filter>
    </ClCompile>
    <ClCompile Include="Engine\Core\Utility\Input\Keyboard.cpp">
      <Filter>Engine\Core\Utility\Input</Filter>
    </ClCompile>
    <ClCompile Include="Engine\Core\Utility\Input\Mouse.cpp">
      <Filter>Engine\Core\Utility\Input</Filter>
    </ClCompile>
    <ClCompile Include="Engine\Core\Utility\Math\Color.cpp">
      <Filter>Engine\Core\Utility\Math</Filter>
    </ClCompile>
    <ClCompile Include="Engine\Core\Utility\Math\Math.cpp">
      <Filter>Engine\Core\Utility\Math</Filter>
    </ClCompile>
    <ClCompile Include="Engine\Core\Utility\Math\Matrix4x4.cpp">
      <Filter>Engine\Core\Utility\Math</Filter>
    </ClCompile>
    <ClCompile Include="Engine\Core\Utility\Math\Primitive.cpp">
      <Filter>Engine\Core\Utility\Math</Filter>
    </ClCompile>
    <ClCompile Include="Engine\Core\Utility\Math\Quaternion.cpp">
      <Filter>Engine\Core\Utility\Math</Filter>
    </ClCompile>
    <ClCompile Include="Engine\Core\Utility\Time\CPUTimeStamp.cpp">
      <Filter>Engine\Core\Utility\Time</Filter>
    </ClCompile>
    <ClCompile Include="Engine\Core\Utility\Time\Time.cpp">
      <Filter>Engine\Core\Utility\Time</Filter>
    </ClCompile>
    <ClCompile Include="Engine\Core\Utility\Tools\Ease.cpp">
      <Filter>Engine\Core\Utility\Tools</Filter>
    </ClCompile>
    <ClCompile Include="Engine\Core\Utility\Tools\Gizmo.cpp">
      <Filter>Engine\Core\Utility\Tools</Filter>
    </ClCompile>
    <ClCompile Include="Engine\Core\Utility\Tools\Log.cpp">
      <Filter>Engine\Core\Utility\Tools</Filter>
    </ClCompile>
    <ClCompile Include="Engine\Core\Utility\Tools\Random.cpp">
      <Filter>Engine\Core\Utility\Tools</Filter>
    </ClCompile>
    <ClCompile Include="Engine\Core\Window\Window.cpp">
      <Filter>Engine\Core\Window</Filter>
    </ClCompile>
    <ClCompile Include="Engine\Core\Window\WindowManager.cpp">
      <Filter>Engine\Core\Window</Filter>
    </ClCompile>
    <ClCompile Include="Engine\ECS\Component\Collection\ComponentCollection.cpp">
      <Filter>Engine\ECS\Component\Collection</Filter>
    </ClCompile>
    <ClCompile Include="Engine\ECS\Component\Components\ComputeComponents\Agent\AgentIntentComponent.cpp">
      <Filter>Engine\ECS\Component\Components\ComputeComponents\Agent</Filter>
    </ClCompile>
    <ClCompile Include="Engine\ECS\Component\Components\ComputeComponents\Audio\AudioSource.cpp">
      <Filter>Engine\ECS\Component\Components\ComputeComponents\Audio</Filter>
    </ClCompile>
    <ClCompile Include="Engine\ECS\Component\Components\ComputeComponents\Camera\CameraComponent.cpp">
      <Filter>Engine\ECS\Component\Components\ComputeComponents\Camera</Filter>
    </ClCompile>
    <ClCompile Include="Engine\ECS\Component\Components\ComputeComponents\Collision\BoxCollider.cpp">
      <Filter>Engine\ECS\Component\Components\ComputeComponents\Collision</Filter>
    </ClCompile>
    <ClCompile Include="Engine\ECS\Component\Components\ComputeComponents\Collision\CollisionCheck\CollisionCheck.cpp">
      <Filter>Engine\ECS\Component\Components\ComputeComponents\Collision\CollisionCheck</Filter>
    </ClCompile>
    <ClCompile Include="Engine\ECS\Component\Components\ComputeComponents\Collision\ICollider.cpp">
      <Filter>Engine\ECS\Component\Components\ComputeComponents\Collision</Filter>
    </ClCompile>
    <ClCompile Include="Engine\ECS\Component\Components\ComputeComponents\Collision\SphereCollider.cpp">
      <Filter>Engine\ECS\Component\Components\ComputeComponents\Collision</Filter>
    </ClCompile>
    <ClCompile Include="Engine\ECS\Component\Components\ComputeComponents\Effect\Effect.cpp">
      <Filter>Engine\ECS\Component\Components\ComputeComponents\Effect</Filter>
    </ClCompile>
    <ClCompile Include="Engine\ECS\Component\Components\ComputeComponents\Effect\EmitShape\EffectEmitShape.cpp">
      <Filter>Engine\ECS\Component\Components\ComputeComponents\Effect\EmitShape</Filter>
    </ClCompile>
    <ClCompile Include="Engine\ECS\Component\Components\ComputeComponents\Effect\MainModule\EffectMainModule.cpp">
      <Filter>Engine\ECS\Component\Components\ComputeComponents\Effect\MainModule</Filter>
    </ClCompile>
    <ClCompile Include="Engine\ECS\Component\Components\ComputeComponents\Light\Light.cpp">
      <Filter>Engine\ECS\Component\Components\ComputeComponents\Light</Filter>
    </ClCompile>
    <ClCompile Include="Engine\ECS\Component\Components\ComputeComponents\Script\Script.cpp">
      <Filter>Engine\ECS\Component\Components\ComputeComponents\Script</Filter>
    </ClCompile>
    <ClCompile Include="Engine\ECS\Component\Components\ComputeComponents\ShadowCaster\ShadowCaster.cpp">
      <Filter>Engine\ECS\Component\Components\ComputeComponents\ShadowCaster</Filter>
    </ClCompile>
    <ClCompile Include="Engine\ECS\Component\Components\ComputeComponents\Terrain\Grass\GrassField.cpp">
      <Filter>Engine\ECS\Component\Components\ComputeComponents\Terrain\Grass</Filter>
    </ClCompile>
    <ClCompile Include="Engine\ECS\Component\Components\ComputeComponents\Terrain\River\River.cpp">
      <Filter>Engine\ECS\Component\Components\ComputeComponents\Terrain\River</Filter>
    </ClCompile>
    <ClCompile Include="Engine\ECS\Component\Components\ComputeComponents\Terrain\Terrain.cpp">
      <Filter>Engine\ECS\Component\Components\ComputeComponents\Terrain</Filter>
    </ClCompile>
    <ClCompile Include="Engine\ECS\Component\Components\ComputeComponents\Terrain\TerrainCollider.cpp">
      <Filter>Engine\ECS\Component\Components\ComputeComponents\Terrain</Filter>
    </ClCompile>
    <ClCompile Include="Engine\ECS\Component\Components\ComputeComponents\Transform\Transform.cpp">
      <Filter>Engine\ECS\Component\Components\ComputeComponents\Transform</Filter>
    </ClCompile>
    <ClCompile Include="Engine\ECS\Component\Components\ComputeComponents\Variables\Variables.cpp">
      <Filter>Engine\ECS\Component\Components\ComputeComponents\Variables</Filter>
    </ClCompile>
    <ClCompile Include="Engine\ECS\Component\Components\ComputeComponents\VoxelTerrain\VoxelTerrain.cpp">
      <Filter>Engine\ECS\Component\Components\ComputeComponents\VoxelTerrain</Filter>
    </ClCompile>
    <ClCompile Include="Engine\ECS\Component\Components\ComputeComponents\VoxelTerrain\VoxelTerrainChunk.cpp">
      <Filter>Engine\ECS\Component\Components\ComputeComponents\VoxelTerrain</Filter>
    </ClCompile>
    <ClCompile Include="Engine\ECS\Component\Components\Interface\IComponent.cpp">
      <Filter>Engine\ECS\Component\Components\Interface</Filter>
    </ClCompile>
    <ClCompile Include="Engine\ECS\Component\Components\RendererComponents\Mesh\CustomMeshRenderer.cpp">
      <Filter>Engine\ECS\Component\Components\RendererComponents\Mesh</Filter>
    </ClCompile>
    <ClCompile Include="Engine\ECS\Component\Components\RendererComponents\Mesh\DissolveMeshRenderer.cpp">
      <Filter>Engine\ECS\Component\Components\RendererComponents\Mesh</Filter>
    </ClCompile>
    <ClCompile Include="Engine\ECS\Component\Components\RendererComponents\Mesh\MeshRenderer.cpp">
      <Filter>Engine\ECS\Component\Components\RendererComponents\Mesh</Filter>
    </ClCompile>
    <ClCompile Include="Engine\ECS\Component\Components\RendererComponents\Primitive\Line2DRenderer.cpp">
      <Filter>Engine\ECS\Component\Components\RendererComponents\Primitive</Filter>
    </ClCompile>
    <ClCompile Include="Engine\ECS\Component\Components\RendererComponents\Primitive\Line3DRenderer.cpp">
      <Filter>Engine\ECS\Component\Components\RendererComponents\Primitive</Filter>
    </ClCompile>
    <ClCompile Include="Engine\ECS\Component\Components\RendererComponents\ScreenPostEffectTag\ScreenPostEffectTag.cpp">
      <Filter>Engine\ECS\Component\Components\RendererComponents\ScreenPostEffectTag</Filter>
    </ClCompile>
    <ClCompile Include="Engine\ECS\Component\Components\RendererComponents\SkinMesh\SkinMeshRenderer.cpp">
      <Filter>Engine\ECS\Component\Components\RendererComponents\SkinMesh</Filter>
    </ClCompile>
    <ClCompile Include="Engine\ECS\Component\Components\RendererComponents\Skybox\Skybox.cpp">
      <Filter>Engine\ECS\Component\Components\RendererComponents\Skybox</Filter>
    </ClCompile>
    <ClCompile Include="Engine\ECS\Component\Components\RendererComponents\Sprite\SpriteRenderer.cpp">
      <Filter>Engine\ECS\Component\Components\RendererComponents\Sprite</Filter>
    </ClCompile>
    <ClCompile Include="Engine\ECS\Entity\Collection\EntityCollection.cpp">
      <Filter>Engine\ECS\Entity\Collection</Filter>
    </ClCompile>
    <ClCompile Include="Engine\ECS\Entity\EntityJsonConverter.cpp">
      <Filter>Engine\ECS\Entity</Filter>
    </ClCompile>
    <ClCompile Include="Engine\ECS\Entity\GameEntity\GameEntity.cpp">
      <Filter>Engine\ECS\Entity\GameEntity</Filter>
    </ClCompile>
    <ClCompile Include="Engine\ECS\Entity\Prefab\EntityPrefab.cpp">
      <Filter>Engine\ECS\Entity\Prefab</Filter>
    </ClCompile>
    <ClCompile Include="Engine\ECS\Entity\Prefab\EntityPrefabCollection.cpp">
      <Filter>Engine\ECS\Entity\Prefab</Filter>
    </ClCompile>
    <ClCompile Include="Engine\ECS\EntityComponentSystem\AddECSSystemFunction.cpp">
      <Filter>Engine\ECS\EntityComponentSystem</Filter>
    </ClCompile>
    <ClCompile Include="Engine\ECS\EntityComponentSystem\ComponentApplyFunc.cpp">
      <Filter>Engine\ECS\EntityComponentSystem</Filter>
    </ClCompile>
    <ClCompile Include="Engine\ECS\EntityComponentSystem\ECSGroup.cpp">
      <Filter>Engine\ECS\EntityComponentSystem</Filter>
    </ClCompile>
    <ClCompile Include="Engine\ECS\EntityComponentSystem\EntityComponentSystem.cpp">
      <Filter>Engine\ECS\EntityComponentSystem</Filter>
    </ClCompile>
    <ClCompile Include="Engine\ECS\System\AI\AISystem.cpp">
      <Filter>Engine\ECS\System\AI</Filter>
    </ClCompile>
    <ClCompile Include="Engine\ECS\System\Audio\AudioPlaybackSystem.cpp">
      <Filter>Engine\ECS\System\Audio</Filter>
    </ClCompile>
    <ClCompile Include="Engine\ECS\System\CameraUpdate\CameraUpdateSystem.cpp">
      <Filter>Engine\ECS\System\CameraUpdate</Filter>
    </ClCompile>
    <ClCompile Include="Engine\ECS\System\Collision\ColliderRenderQueueSystem.cpp">
      <Filter>Engine\ECS\System\Collision</Filter>
    </ClCompile>
    <ClCompile Include="Engine\ECS\System\Collision\CollisionSystem.cpp">
      <Filter>Engine\ECS\System\Collision</Filter>
    </ClCompile>
    <ClCompile Include="Engine\ECS\System\EffectUpdateSystem\EffectUpdateSystem.cpp">
      <Filter>Engine\ECS\System\EffectUpdateSystem</Filter>
    </ClCompile>
    <ClCompile Include="Engine\ECS\System\GrassBufferCreateSystem\GrassBufferCreateSystem.cpp">
      <Filter>Engine\ECS\System\GrassBufferCreateSystem</Filter>
    </ClCompile>
    <ClCompile Include="Engine\ECS\System\MeshBufferRecreate\MeshBufferRecreate.cpp">
      <Filter>Engine\ECS\System\MeshBufferRecreate</Filter>
    </ClCompile>
    <ClCompile Include="Engine\ECS\System\Movement\MovementSystem.cpp">
      <Filter>Engine\ECS\System\Movement</Filter>
    </ClCompile>
    <ClCompile Include="Engine\ECS\System\ScriptUpdateSystem\ScriptUpdateSystem.cpp">
      <Filter>Engine\ECS\System\ScriptUpdateSystem</Filter>
    </ClCompile>
    <ClCompile Include="Engine\ECS\System\ShadowCaster\ShadowCasterUpdateSystem.cpp">
      <Filter>Engine\ECS\System\ShadowCaster</Filter>
    </ClCompile>
    <ClCompile Include="Engine\ECS\System\SkinMesh\SkinMeshUpdateSystem.cpp">
      <Filter>Engine\ECS\System\SkinMesh</Filter>
    </ClCompile>
    <ClCompile Include="Engine\ECS\System\SystemCollection\SystemCollection.cpp">
      <Filter>Engine\ECS\System\SystemCollection</Filter>
    </ClCompile>
    <ClCompile Include="Engine\ECS\System\Terrain\TerrainColliderVertexGenerator.cpp">
      <Filter>Engine\ECS\System\Terrain</Filter>
    </ClCompile>
    <ClCompile Include="Engine\ECS\System\Terrain\TerrainCollision.cpp">
      <Filter>Engine\ECS\System\Terrain</Filter>
    </ClCompile>
    <ClCompile Include="Engine\ECS\System\Transform\TransformUpdateSystem.cpp">
      <Filter>Engine\ECS\System\Transform</Filter>
    </ClCompile>
    <ClCompile Include="Engine\Editor\Commands\ComponentEditCommands\ComponentEditCommands.cpp">
      <Filter>Engine\Editor\Commands\ComponentEditCommands</Filter>
    </ClCompile>
    <ClCompile Include="Engine\Editor\Commands\ComponentEditCommands\ComponentJsonConverter.cpp">
      <Filter>Engine\Editor\Commands\ComponentEditCommands</Filter>
    </ClCompile>
    <ClCompile Include="Engine\Editor\Commands\ImGuiCommand\FocusEntityCommand.cpp">
      <Filter>Engine\Editor\Commands\ImGuiCommand</Filter>
    </ClCompile>
    <ClCompile Include="Engine\Editor\Commands\ImGuiCommand\ImGuiCommand.cpp">
      <Filter>Engine\Editor\Commands\ImGuiCommand</Filter>
    </ClCompile>
    <ClCompile Include="Engine\Editor\Commands\WorldEditorCommands\WorldEditorCommands.cpp">
      <Filter>Engine\Editor\Commands\WorldEditorCommands</Filter>
    </ClCompile>
    <ClCompile Include="Engine\Editor\EditorCompute\GameEntityPicking\GameEntityPickingPipeline.cpp">
      <Filter>Engine\Editor\EditorCompute\GameEntityPicking</Filter>
    </ClCompile>
    <ClCompile Include="Engine\Editor\EditorCompute\Grass\GrassArrangementPipeline.cpp">
      <Filter>Engine\Editor\EditorCompute\Grass</Filter>
    </ClCompile>
    <ClCompile Include="Engine\Editor\EditorCompute\River\RiverMeshGeneratePipeline.cpp">
      <Filter>Engine\Editor\EditorCompute\River</Filter>
    </ClCompile>
    <ClCompile Include="Engine\Editor\EditorCompute\TerrainEditor\RiverTerrainAdjustPipeline.cpp">
      <Filter>Engine\Editor\EditorCompute\TerrainEditor</Filter>
    </ClCompile>
    <ClCompile Include="Engine\Editor\EditorCompute\TerrainEditor\TerrainDataOutput.cpp">
      <Filter>Engine\Editor\EditorCompute\TerrainEditor</Filter>
    </ClCompile>
    <ClCompile Include="Engine\Editor\EditorCompute\TerrainEditor\TerrainVertexCreator.cpp">
      <Filter>Engine\Editor\EditorCompute\TerrainEditor</Filter>
    </ClCompile>
    <ClCompile Include="Engine\Editor\EditorCompute\TerrainEditor\TerrainVertexEditorCompute.cpp">
      <Filter>Engine\Editor\EditorCompute\TerrainEditor</Filter>
    </ClCompile>
    <ClCompile Include="Engine\Editor\EditorCompute\VoxelTerrainEditor\VoxelTerrainEditorComputePipeline.cpp">
      <Filter>Engine\Editor\EditorCompute\VoxelTerrainEditor</Filter>
    </ClCompile>
    <ClCompile Include="Engine\Editor\Manager\EditCommand.cpp">
      <Filter>Engine\Editor\Manager</Filter>
    </ClCompile>
    <ClCompile Include="Engine\Editor\Manager\EditorManager.cpp">
      <Filter>Engine\Editor\Manager</Filter>
    </ClCompile>
    <ClCompile Include="Engine\Editor\Manager\ImGuiManager.cpp">
      <Filter>Engine\Editor\Manager</Filter>
    </ClCompile>
    <ClCompile Include="Engine\Editor\Math\AssetDebugger.cpp">
      <Filter>Engine\Editor\Math</Filter>
    </ClCompile>
    <ClCompile Include="Engine\Editor\Math\DragDrop\DragDrop.cpp">
      <Filter>Engine\Editor\Math\DragDrop</Filter>
    </ClCompile>
    <ClCompile Include="Engine\Editor\Math\FileWatcher\FileWatcher.cpp">
      <Filter>Engine\Editor\Math\FileWatcher</Filter>
    </ClCompile>
    <ClCompile Include="Engine\Editor\Math\ImGuiMath.cpp">
      <Filter>Engine\Editor\Math</Filter>
    </ClCompile>
    <ClCompile Include="Engine\Editor\Math\ImGuiSelection.cpp">
      <Filter>Engine\Editor\Math</Filter>
    </ClCompile>
    <ClCompile Include="Engine\Editor\Math\ImGuiShowField.cpp">
      <Filter>Engine\Editor\Math</Filter>
    </ClCompile>
    <ClCompile Include="Engine\Editor\Math\Pivot\Pivot.cpp">
      <Filter>Engine\Editor\Math\Pivot</Filter>
    </ClCompile>
    <ClCompile Include="Engine\Editor\Math\Preview\Texture2DPreview.cpp">
      <Filter>Engine\Editor\Math\Preview</Filter>
    </ClCompile>
    <ClCompile Include="Engine\Editor\Math\Widget\BasicTypeWidget.cpp">
      <Filter>Engine\Editor\Math\Widget</Filter>
    </ClCompile>
    <ClCompile Include="Engine\Editor\Math\Widget\VectorWidget.cpp">
      <Filter>Engine\Editor\Math\Widget</Filter>
    </ClCompile>
    <ClCompile Include="Engine\Editor\Views\EditorViewCollection.cpp">
      <Filter>Engine\Editor\Views</Filter>
    </ClCompile>
    <ClCompile Include="Engine\Editor\Views\Tabs\AITab.cpp">
      <Filter>Engine\Editor\Views\Tabs</Filter>
    </ClCompile>
    <ClCompile Include="Engine\Editor\Views\Tabs\DevelopTab.cpp">
      <Filter>Engine\Editor\Views\Tabs</Filter>
    </ClCompile>
    <ClCompile Include="Engine\Editor\Views\Tabs\EditorTab.cpp">
      <Filter>Engine\Editor\Views\Tabs</Filter>
    </ClCompile>
    <ClCompile Include="Engine\Editor\Views\Tabs\GameTab.cpp">
      <Filter>Engine\Editor\Views\Tabs</Filter>
    </ClCompile>
    <ClCompile Include="Engine\Editor\Views\Tabs\PrefabTab.cpp">
      <Filter>Engine\Editor\Views\Tabs</Filter>
    </ClCompile>
    <ClCompile Include="Engine\Editor\Views\Windows\Develop\BehaviorTreeEditorWindow.cpp">
      <Filter>Engine\Editor\Views\Windows\Develop</Filter>
    </ClCompile>
    <ClCompile Include="Engine\Editor\Views\Windows\Develop\ConsoleWindow.cpp">
      <Filter>Engine\Editor\Views\Windows\Develop</Filter>
    </ClCompile>
    <ClCompile Include="Engine\Editor\Views\Windows\Develop\DebugSceneView.cpp">
      <Filter>Engine\Editor\Views\Windows\Develop</Filter>
    </ClCompile>
    <ClCompile Include="Engine\Editor\Views\Windows\Develop\GameSceneView.cpp">
      <Filter>Engine\Editor\Views\Windows\Develop</Filter>
    </ClCompile>
    <ClCompile Include="Engine\Editor\Views\Windows\Develop\HierarchyWindow.cpp">
      <Filter>Engine\Editor\Views\Windows\Develop</Filter>
    </ClCompile>
    <ClCompile Include="Engine\Editor\Views\Windows\Develop\InspectorWindow.cpp">
      <Filter>Engine\Editor\Views\Windows\Develop</Filter>
    </ClCompile>
    <ClCompile Include="Engine\Editor\Views\Windows\Develop\ProjectWindow.cpp">
      <Filter>Engine\Editor\Views\Windows\Develop</Filter>
    </ClCompile>
    <ClCompile Include="Engine\Editor\Views\Windows\Develop\TexturePreviewWindow.cpp">
      <Filter>Engine\Editor\Views\Windows\Develop</Filter>
    </ClCompile>
    <ClCompile Include="Engine\Editor\Views\Windows\Editor\TestWindow.cpp">
      <Filter>Engine\Editor\Views\Windows\Editor</Filter>
    </ClCompile>
    <ClCompile Include="Engine\Editor\Views\Windows\Prefab\PrefabFileWindow.cpp">
      <Filter>Engine\Editor\Views\Windows\Prefab</Filter>
    </ClCompile>
    <ClCompile Include="Engine\Editor\Views\Windows\Prefab\PrefabViewWindow.cpp">
      <Filter>Engine\Editor\Views\Windows\Prefab</Filter>
    </ClCompile>
    <ClCompile Include="Engine\Graphics\Buffer\ByteAddressBuffer.cpp">
      <Filter>Engine\Graphics\Buffer</Filter>
    </ClCompile>
    <ClCompile Include="Engine\Graphics\Buffer\Data\GPUMaterial.cpp">
      <Filter>Engine\Graphics\Buffer\Data</Filter>
    </ClCompile>
    <ClCompile Include="Engine\Graphics\Buffer\Data\UVTransform.cpp">
      <Filter>Engine\Graphics\Buffer\Data</Filter>
    </ClCompile>
    <ClCompile Include="Engine\Graphics\Buffer\IndexBuffer.cpp">
      <Filter>Engine\Graphics\Buffer</Filter>
    </ClCompile>
    <ClCompile Include="Engine\Graphics\Framework\RenderingFramework.cpp">
      <Filter>Engine\Graphics\Framework</Filter>
    </ClCompile>
    <ClCompile Include="Engine\Graphics\Pipelines\Collection\RenderingPipelineCollection.cpp">
      <Filter>Engine\Graphics\Pipelines\Collection</Filter>
    </ClCompile>
    <ClCompile Include="Engine\Graphics\Pipelines\Interface\IPostProcessPipeline.cpp">
      <Filter>Engine\Graphics\Pipelines\Interface</Filter>
    </ClCompile>
    <ClCompile Include="Engine\Graphics\Pipelines\PostProcess\PerObject\Blur\PostProcessGaussianBlurPerObject.cpp">
      <Filter>Engine\Graphics\Pipelines\PostProcess\PerObject\Blur</Filter>
    </ClCompile>
    <ClCompile Include="Engine\Graphics\Pipelines\PostProcess\PerObject\Grayscale\PostProcessGrayscalePerObject.cpp">
      <Filter>Engine\Graphics\Pipelines\PostProcess\PerObject\Grayscale</Filter>
    </ClCompile>
    <ClCompile Include="Engine\Graphics\Pipelines\PostProcess\PerObject\Light\PostProcessLighting.cpp">
      <Filter>Engine\Graphics\Pipelines\PostProcess\PerObject\Light</Filter>
    </ClCompile>
    <ClCompile Include="Engine\Graphics\Pipelines\PostProcess\PerObject\TerrainBrush\PostProcessTerrainBrush.cpp">
      <Filter>Engine\Graphics\Pipelines\PostProcess\PerObject\TerrainBrush</Filter>
    </ClCompile>
    <ClCompile Include="Engine\Graphics\Pipelines\PostProcess\PerObject\VoxelTerrainBrush\PostProcessVoxelTerrainBrush.cpp">
      <Filter>Engine\Graphics\Pipelines\PostProcess\PerObject\VoxelTerrainBrush</Filter>
    </ClCompile>
    <ClCompile Include="Engine\Graphics\Pipelines\PostProcess\Screen\Fog\PostProcessFog.cpp">
      <Filter>Engine\Graphics\Pipelines\PostProcess\Screen\Fog</Filter>
    </ClCompile>
    <ClCompile Include="Engine\Graphics\Pipelines\PostProcess\Screen\Grayscale\PostProcessGrayscale.cpp">
      <Filter>Engine\Graphics\Pipelines\PostProcess\Screen\Grayscale</Filter>
    </ClCompile>
    <ClCompile Include="Engine\Graphics\Pipelines\PostProcess\Screen\RadialBlur\PostProcessRadialBlur.cpp">
      <Filter>Engine\Graphics\Pipelines\PostProcess\Screen\RadialBlur</Filter>
    </ClCompile>
    <ClCompile Include="Engine\Graphics\Pipelines\PostProcess\Screen\Shadow\PostProcessShadowApply.cpp">
      <Filter>Engine\Graphics\Pipelines\PostProcess\Screen\Shadow</Filter>
    </ClCompile>
    <ClCompile Include="Engine\Graphics\Pipelines\Render\CopyImage\CopyImageRenderingPipeline.cpp">
      <Filter>Engine\Graphics\Pipelines\Render\CopyImage</Filter>
    </ClCompile>
    <ClCompile Include="Engine\Graphics\Pipelines\Render\Effect\EffectRenderingPipeline.cpp">
      <Filter>Engine\Graphics\Pipelines\Render\Effect</Filter>
    </ClCompile>
    <ClCompile Include="Engine\Graphics\Pipelines\Render\Gizmo\GizmoPrimitiveVertices.cpp">
      <Filter>Engine\Graphics\Pipelines\Render\Gizmo</Filter>
    </ClCompile>
    <ClCompile Include="Engine\Graphics\Pipelines\Render\Gizmo\GizmoRenderingPipeline.cpp">
      <Filter>Engine\Graphics\Pipelines\Render\Gizmo</Filter>
    </ClCompile>
    <ClCompile Include="Engine\Graphics\Pipelines\Render\Grass\GrassRenderingPipeline.cpp">
      <Filter>Engine\Graphics\Pipelines\Render\Grass</Filter>
    </ClCompile>
    <ClCompile Include="Engine\Graphics\Pipelines\Render\Grid\GridRenderingPipeline.cpp">
      <Filter>Engine\Graphics\Pipelines\Render\Grid</Filter>
    </ClCompile>
    <ClCompile Include="Engine\Graphics\Pipelines\Render\Mesh\DissolveMeshRenderingPipeline.cpp">
      <Filter>Engine\Graphics\Pipelines\Render\Mesh</Filter>
    </ClCompile>
    <ClCompile Include="Engine\Graphics\Pipelines\Render\Mesh\MeshRenderingPipeline.cpp">
      <Filter>Engine\Graphics\Pipelines\Render\Mesh</Filter>
    </ClCompile>
    <ClCompile Include="Engine\Graphics\Pipelines\Render\Mesh\SkinMeshRenderingPipeline.cpp">
      <Filter>Engine\Graphics\Pipelines\Render\Mesh</Filter>
    </ClCompile>
    <ClCompile Include="Engine\Graphics\Pipelines\Render\Mesh\SkinMeshSkeletonRenderingPipeline.cpp">
      <Filter>Engine\Graphics\Pipelines\Render\Mesh</Filter>
    </ClCompile>
    <ClCompile Include="Engine\Graphics\Pipelines\Render\Primitive\Line2DRenderingPipeline.cpp">
      <Filter>Engine\Graphics\Pipelines\Render\Primitive</Filter>
    </ClCompile>
    <ClCompile Include="Engine\Graphics\Pipelines\Render\Primitive\Line3DRenderingPipeline.cpp">
      <Filter>Engine\Graphics\Pipelines\Render\Primitive</Filter>
    </ClCompile>
    <ClCompile Include="Engine\Graphics\Pipelines\Render\River\RiverRenderingPipeline.cpp">
      <Filter>Engine\Graphics\Pipelines\Render\River</Filter>
    </ClCompile>
    <ClCompile Include="Engine\Graphics\Pipelines\Render\Skybox\SkyboxRenderingPipeline.cpp">
      <Filter>Engine\Graphics\Pipelines\Render\Skybox</Filter>
    </ClCompile>
    <ClCompile Include="Engine\Graphics\Pipelines\Render\Sprite\SpriteRenderingPipeline.cpp">
      <Filter>Engine\Graphics\Pipelines\Render\Sprite</Filter>
    </ClCompile>
    <ClCompile Include="Engine\Graphics\Pipelines\Render\Terrain\TerrainProceduralRenderingPipeline.cpp">
      <Filter>Engine\Graphics\Pipelines\Render\Terrain</Filter>
    </ClCompile>
    <ClCompile Include="Engine\Graphics\Pipelines\Render\Terrain\TerrainRenderingPipeline.cpp">
      <Filter>Engine\Graphics\Pipelines\Render\Terrain</Filter>
    </ClCompile>
    <ClCompile Include="Engine\Graphics\Pipelines\Render\VoxelTerrain\VoxelTerrainBrushPreviewRenderingPipeline.cpp">
      <Filter>Engine\Graphics\Pipelines\Render\VoxelTerrain</Filter>
    </ClCompile>
    <ClCompile Include="Engine\Graphics\Pipelines\Render\VoxelTerrain\VoxelTerrainRenderingPipeline.cpp">
      <Filter>Engine\Graphics\Pipelines\Render\VoxelTerrain</Filter>
    </ClCompile>
    <ClCompile Include="Engine\Graphics\Pipelines\Render\VoxelTerrain\VoxelTerrainTransvoxelRenderingPipeline.cpp">
      <Filter>Engine\Graphics\Pipelines\Render\VoxelTerrain</Filter>
    </ClCompile>
    <ClCompile Include="Engine\Graphics\Pipelines\Render\VoxelTerrain\VoxelTerrainVertexCreatePipeline.cpp">
      <Filter>Engine\Graphics\Pipelines\Render\VoxelTerrain</Filter>
    </ClCompile>
    <ClCompile Include="Engine\Graphics\Pipelines\Render\VoxelTerrain\VoxelTerrainVertexShaderRenderingPipeline.cpp">
      <Filter>Engine\Graphics\Pipelines\Render\VoxelTerrain</Filter>
    </ClCompile>
    <ClCompile Include="Engine\Graphics\RenderTexture\RenderTexture.cpp">
      <Filter>Engine\Graphics\RenderTexture</Filter>
    </ClCompile>
    <ClCompile Include="Engine\Graphics\RenderTexture\SceneRenderTexture.cpp">
      <Filter>Engine\Graphics\RenderTexture</Filter>
    </ClCompile>
    <ClCompile Include="Engine\Graphics\Shader\ComputePipeline.cpp">
      <Filter>Engine\Graphics\Shader</Filter>
    </ClCompile>
    <ClCompile Include="Engine\Graphics\Shader\GraphicsPipeline.cpp">
      <Filter>Engine\Graphics\Shader</Filter>
    </ClCompile>
    <ClCompile Include="Engine\Graphics\Shader\Shader.cpp">
      <Filter>Engine\Graphics\Shader</Filter>
    </ClCompile>
    <ClCompile Include="Engine\Graphics\Shader\ShaderCompiler.cpp">
      <Filter>Engine\Graphics\Shader</Filter>
    </ClCompile>
    <ClCompile Include="Engine\Scene\Loader\SceneIO.cpp">
      <Filter>Engine\Scene\Loader</Filter>
    </ClCompile>
    <ClCompile Include="Engine\Scene\SceneManager.cpp">
      <Filter>Engine\Scene</Filter>
    </ClCompile>
    <ClCompile Include="Engine\Script\InternalCalls\AddInternalMethods.cpp">
      <Filter>Engine\Script\InternalCalls</Filter>
    </ClCompile>
    <ClCompile Include="Engine\Script\InternalCalls\EventInternalCalls.cpp">
      <Filter>Engine\Script\InternalCalls</Filter>
    </ClCompile>
    <ClCompile Include="Engine\Script\MonoScriptEngine.cpp">
      <Filter>Engine\Script</Filter>
    </ClCompile>
    <ClCompile Include="main.cpp" />
  </ItemGroup>
</Project>